
Microsoft Visual Studio Solution File, Format Version 12.00
# Visual Studio 15
VisualStudioVersion = 15.0.26124.0
MinimumVisualStudioVersion = 15.0.26124.0
Project("{2150E333-8FDC-42A3-9474-1A3956D46DE8}") = "src", "src", "{CCC3146F-320C-4E1D-8017-056C9DCB6B0C}"
EndProject
Project("{FAE04EC0-301F-11D3-BF4B-00C04F79EFBC}") = "Finbuckle.MultiTenant.AspNetCore", "src\Finbuckle.MultiTenant.AspNetCore\Finbuckle.MultiTenant.AspNetCore.csproj", "{CEB62625-8CD8-459B-952F-932A213BD81D}"
EndProject
Project("{FAE04EC0-301F-11D3-BF4B-00C04F79EFBC}") = "Finbuckle.MultiTenant.EntityFrameworkCore", "src\Finbuckle.MultiTenant.EntityFrameworkCore\Finbuckle.MultiTenant.EntityFrameworkCore.csproj", "{D71A2E14-3AD0-470F-BED1-E7D4F7874D94}"
EndProject
Project("{2150E333-8FDC-42A3-9474-1A3956D46DE8}") = "test", "test", "{DDDA7AB6-03C2-4499-BED3-E404CB6ADE69}"
EndProject
Project("{FAE04EC0-301F-11D3-BF4B-00C04F79EFBC}") = "Finbuckle.MultiTenant.EntityFrameworkCore.Test", "test\Finbuckle.MultiTenant.EntityFrameworkCore.Test\Finbuckle.MultiTenant.EntityFrameworkCore.Test.csproj", "{7D831AAC-739D-4099-8654-F238400C24D6}"
EndProject
Project("{FAE04EC0-301F-11D3-BF4B-00C04F79EFBC}") = "Finbuckle.MultiTenant.AspNetCore.Test", "test\Finbuckle.MultiTenant.AspNetCore.Test\Finbuckle.MultiTenant.AspNetCore.Test.csproj", "{CB55C7E5-D1A4-49BC-94D1-9C8CB598426B}"
EndProject
Project("{2150E333-8FDC-42A3-9474-1A3956D46DE8}") = "samples", "samples", "{78DD95B5-E466-4ED0-8824-36F78AB08174}"
EndProject
Project("{FAE04EC0-301F-11D3-BF4B-00C04F79EFBC}") = "StaticStrategySample", "samples\ASP.NET Core 2\StaticStrategySample\StaticStrategySample.csproj", "{4C8D453C-46F6-40A7-9DD1-E5D4C35BA2E6}"
EndProject
Project("{FAE04EC0-301F-11D3-BF4B-00C04F79EFBC}") = "BasePathStrategySample", "samples\ASP.NET Core 2\BasePathStrategySample\BasePathStrategySample.csproj", "{1BB62455-E955-4F06-B5A5-ED20D86C5012}"
EndProject
Project("{FAE04EC0-301F-11D3-BF4B-00C04F79EFBC}") = "RouteStrategySample", "samples\ASP.NET Core 2\RouteStrategySample\RouteStrategySample.csproj", "{144E4275-03C2-4582-8897-40D354973CB3}"
EndProject
Project("{FAE04EC0-301F-11D3-BF4B-00C04F79EFBC}") = "HostStrategySample", "samples\ASP.NET Core 2\HostStrategySample\HostStrategySample.csproj", "{7DE21B6E-3A23-458F-AACF-B24251C45145}"
EndProject
Project("{FAE04EC0-301F-11D3-BF4B-00C04F79EFBC}") = "Finbuckle.MultiTenant.Core", "src\Finbuckle.MultiTenant.Core\Finbuckle.MultiTenant.Core.csproj", "{91057C7C-F9D3-42AF-86FC-6507BB75ADFD}"
EndProject
Project("{FAE04EC0-301F-11D3-BF4B-00C04F79EFBC}") = "Finbuckle.MultiTenant.Core.Test", "test\Finbuckle.MultiTenant.Core.Test\Finbuckle.MultiTenant.Core.Test.csproj", "{4B3A1C30-D42B-43F0-8541-4AB5B51CD05C}"
EndProject
Project("{FAE04EC0-301F-11D3-BF4B-00C04F79EFBC}") = "AuthenticationOptionsSample", "samples\ASP.NET Core 2\AuthenticationOptionsSample\AuthenticationOptionsSample.csproj", "{AE28E953-59A3-4E8A-AEF2-88DBA1DB9564}"
EndProject
Project("{FAE04EC0-301F-11D3-BF4B-00C04F79EFBC}") = "DataIsolationSample", "samples\ASP.NET Core 2\DataIsolationSample\DataIsolationSample.csproj", "{58453662-5F28-408F-B30D-2736C621A664}"
EndProject
Project("{FAE04EC0-301F-11D3-BF4B-00C04F79EFBC}") = "Finbuckle.MultiTenant", "src\Finbuckle.MultiTenant\Finbuckle.MultiTenant.csproj", "{9BA8381A-5E44-4571-9CF1-F4469ECEBB02}"
EndProject
Project("{FAE04EC0-301F-11D3-BF4B-00C04F79EFBC}") = "IdentityDataIsolationSample", "samples\ASP.NET Core 2\IdentityDataIsolationSample\IdentityDataIsolationSample.csproj", "{AA57B76D-83F5-49E2-AF15-D00F13BEB38C}"
EndProject
Project("{FAE04EC0-301F-11D3-BF4B-00C04F79EFBC}") = "EFCoreStoreSample", "samples\ASP.NET Core 2\EFCoreStoreSample\EFCoreStoreSample.csproj", "{BB05A5AD-B639-4153-AFD5-A79D0D2B8599}"
EndProject
Project("{FAE04EC0-301F-11D3-BF4B-00C04F79EFBC}") = "SharedLoginSample", "samples\ASP.NET Core 2\SharedLoginSample\SharedLoginSample.csproj", "{496A332B-570A-40BD-A6ED-BE87999EBB58}"
EndProject
Project("{FAE04EC0-301F-11D3-BF4B-00C04F79EFBC}") = "DelegateStrategySample", "samples\ASP.NET Core 2\DelegateStrategySample\DelegateStrategySample.csproj", "{B265A105-44F2-4FE3-828C-EC1EB62D1A39}"
EndProject
Project("{FAE04EC0-301F-11D3-BF4B-00C04F79EFBC}") = "FallbackStrategySample", "samples\ASP.NET Core 2\FallbackStrategySample\FallbackStrategySample.csproj", "{D286E1C0-9788-4C85-8C8B-B0E90B75A185}"
EndProject
Project("{2150E333-8FDC-42A3-9474-1A3956D46DE8}") = "ASP.NET Core 2", "ASP.NET Core 2", "{13881877-c9d2-4259-b061-3f041f1224fa}"
EndProject
Project("{2150E333-8FDC-42A3-9474-1A3956D46DE8}") = "ASP.NET Core 3", "ASP.NET Core 3", "{BD5BD485-39EB-4174-84CC-0BC0E7366462}"
EndProject
Project("{FAE04EC0-301F-11D3-BF4B-00C04F79EFBC}") = "RouteStrategySample", "samples\ASP.NET Core 3\RouteStrategySample\RouteStrategySample.csproj", "{4EEDD9EF-4DDC-486C-8387-97E2960E2324}"
EndProject
Global
	GlobalSection(SolutionConfigurationPlatforms) = preSolution
		Debug|Any CPU = Debug|Any CPU
		Debug|x64 = Debug|x64
		Debug|x86 = Debug|x86
		Release|Any CPU = Release|Any CPU
		Release|x64 = Release|x64
		Release|x86 = Release|x86
	EndGlobalSection
	GlobalSection(SolutionProperties) = preSolution
		HideSolutionNode = FALSE
	EndGlobalSection
	GlobalSection(ProjectConfigurationPlatforms) = postSolution
		{CEB62625-8CD8-459B-952F-932A213BD81D}.Debug|Any CPU.ActiveCfg = Debug|Any CPU
		{CEB62625-8CD8-459B-952F-932A213BD81D}.Debug|Any CPU.Build.0 = Debug|Any CPU
		{CEB62625-8CD8-459B-952F-932A213BD81D}.Debug|x64.ActiveCfg = Debug|x64
		{CEB62625-8CD8-459B-952F-932A213BD81D}.Debug|x64.Build.0 = Debug|x64
		{CEB62625-8CD8-459B-952F-932A213BD81D}.Debug|x86.ActiveCfg = Debug|x86
		{CEB62625-8CD8-459B-952F-932A213BD81D}.Debug|x86.Build.0 = Debug|x86
		{CEB62625-8CD8-459B-952F-932A213BD81D}.Release|Any CPU.ActiveCfg = Release|Any CPU
		{CEB62625-8CD8-459B-952F-932A213BD81D}.Release|Any CPU.Build.0 = Release|Any CPU
		{CEB62625-8CD8-459B-952F-932A213BD81D}.Release|x64.ActiveCfg = Release|x64
		{CEB62625-8CD8-459B-952F-932A213BD81D}.Release|x64.Build.0 = Release|x64
		{CEB62625-8CD8-459B-952F-932A213BD81D}.Release|x86.ActiveCfg = Release|x86
		{CEB62625-8CD8-459B-952F-932A213BD81D}.Release|x86.Build.0 = Release|x86
		{D71A2E14-3AD0-470F-BED1-E7D4F7874D94}.Debug|Any CPU.ActiveCfg = Debug|Any CPU
		{D71A2E14-3AD0-470F-BED1-E7D4F7874D94}.Debug|Any CPU.Build.0 = Debug|Any CPU
		{D71A2E14-3AD0-470F-BED1-E7D4F7874D94}.Debug|x64.ActiveCfg = Debug|x64
		{D71A2E14-3AD0-470F-BED1-E7D4F7874D94}.Debug|x64.Build.0 = Debug|x64
		{D71A2E14-3AD0-470F-BED1-E7D4F7874D94}.Debug|x86.ActiveCfg = Debug|x86
		{D71A2E14-3AD0-470F-BED1-E7D4F7874D94}.Debug|x86.Build.0 = Debug|x86
		{D71A2E14-3AD0-470F-BED1-E7D4F7874D94}.Release|Any CPU.ActiveCfg = Release|Any CPU
		{D71A2E14-3AD0-470F-BED1-E7D4F7874D94}.Release|Any CPU.Build.0 = Release|Any CPU
		{D71A2E14-3AD0-470F-BED1-E7D4F7874D94}.Release|x64.ActiveCfg = Release|x64
		{D71A2E14-3AD0-470F-BED1-E7D4F7874D94}.Release|x64.Build.0 = Release|x64
		{D71A2E14-3AD0-470F-BED1-E7D4F7874D94}.Release|x86.ActiveCfg = Release|x86
		{D71A2E14-3AD0-470F-BED1-E7D4F7874D94}.Release|x86.Build.0 = Release|x86
		{7D831AAC-739D-4099-8654-F238400C24D6}.Debug|Any CPU.ActiveCfg = Debug|Any CPU
		{7D831AAC-739D-4099-8654-F238400C24D6}.Debug|Any CPU.Build.0 = Debug|Any CPU
		{7D831AAC-739D-4099-8654-F238400C24D6}.Debug|x64.ActiveCfg = Debug|x64
		{7D831AAC-739D-4099-8654-F238400C24D6}.Debug|x64.Build.0 = Debug|x64
		{7D831AAC-739D-4099-8654-F238400C24D6}.Debug|x86.ActiveCfg = Debug|x86
		{7D831AAC-739D-4099-8654-F238400C24D6}.Debug|x86.Build.0 = Debug|x86
		{7D831AAC-739D-4099-8654-F238400C24D6}.Release|Any CPU.ActiveCfg = Release|Any CPU
		{7D831AAC-739D-4099-8654-F238400C24D6}.Release|Any CPU.Build.0 = Release|Any CPU
		{7D831AAC-739D-4099-8654-F238400C24D6}.Release|x64.ActiveCfg = Release|x64
		{7D831AAC-739D-4099-8654-F238400C24D6}.Release|x64.Build.0 = Release|x64
		{7D831AAC-739D-4099-8654-F238400C24D6}.Release|x86.ActiveCfg = Release|x86
		{7D831AAC-739D-4099-8654-F238400C24D6}.Release|x86.Build.0 = Release|x86
		{CB55C7E5-D1A4-49BC-94D1-9C8CB598426B}.Debug|Any CPU.ActiveCfg = Debug|Any CPU
		{CB55C7E5-D1A4-49BC-94D1-9C8CB598426B}.Debug|Any CPU.Build.0 = Debug|Any CPU
		{CB55C7E5-D1A4-49BC-94D1-9C8CB598426B}.Debug|x64.ActiveCfg = Debug|x64
		{CB55C7E5-D1A4-49BC-94D1-9C8CB598426B}.Debug|x64.Build.0 = Debug|x64
		{CB55C7E5-D1A4-49BC-94D1-9C8CB598426B}.Debug|x86.ActiveCfg = Debug|x86
		{CB55C7E5-D1A4-49BC-94D1-9C8CB598426B}.Debug|x86.Build.0 = Debug|x86
		{CB55C7E5-D1A4-49BC-94D1-9C8CB598426B}.Release|Any CPU.ActiveCfg = Release|Any CPU
		{CB55C7E5-D1A4-49BC-94D1-9C8CB598426B}.Release|Any CPU.Build.0 = Release|Any CPU
		{CB55C7E5-D1A4-49BC-94D1-9C8CB598426B}.Release|x64.ActiveCfg = Release|x64
		{CB55C7E5-D1A4-49BC-94D1-9C8CB598426B}.Release|x64.Build.0 = Release|x64
		{CB55C7E5-D1A4-49BC-94D1-9C8CB598426B}.Release|x86.ActiveCfg = Release|x86
		{CB55C7E5-D1A4-49BC-94D1-9C8CB598426B}.Release|x86.Build.0 = Release|x86
		{4C8D453C-46F6-40A7-9DD1-E5D4C35BA2E6}.Debug|Any CPU.ActiveCfg = Debug|Any CPU
		{4C8D453C-46F6-40A7-9DD1-E5D4C35BA2E6}.Debug|Any CPU.Build.0 = Debug|Any CPU
		{4C8D453C-46F6-40A7-9DD1-E5D4C35BA2E6}.Debug|x64.ActiveCfg = Debug|Any CPU
		{4C8D453C-46F6-40A7-9DD1-E5D4C35BA2E6}.Debug|x64.Build.0 = Debug|Any CPU
		{4C8D453C-46F6-40A7-9DD1-E5D4C35BA2E6}.Debug|x86.ActiveCfg = Debug|Any CPU
		{4C8D453C-46F6-40A7-9DD1-E5D4C35BA2E6}.Debug|x86.Build.0 = Debug|Any CPU
		{4C8D453C-46F6-40A7-9DD1-E5D4C35BA2E6}.Release|Any CPU.ActiveCfg = Release|Any CPU
		{4C8D453C-46F6-40A7-9DD1-E5D4C35BA2E6}.Release|Any CPU.Build.0 = Release|Any CPU
		{4C8D453C-46F6-40A7-9DD1-E5D4C35BA2E6}.Release|x64.ActiveCfg = Release|Any CPU
		{4C8D453C-46F6-40A7-9DD1-E5D4C35BA2E6}.Release|x64.Build.0 = Release|Any CPU
		{4C8D453C-46F6-40A7-9DD1-E5D4C35BA2E6}.Release|x86.ActiveCfg = Release|Any CPU
		{4C8D453C-46F6-40A7-9DD1-E5D4C35BA2E6}.Release|x86.Build.0 = Release|Any CPU
		{1BB62455-E955-4F06-B5A5-ED20D86C5012}.Debug|Any CPU.ActiveCfg = Debug|Any CPU
		{1BB62455-E955-4F06-B5A5-ED20D86C5012}.Debug|Any CPU.Build.0 = Debug|Any CPU
		{1BB62455-E955-4F06-B5A5-ED20D86C5012}.Debug|x64.ActiveCfg = Debug|Any CPU
		{1BB62455-E955-4F06-B5A5-ED20D86C5012}.Debug|x64.Build.0 = Debug|Any CPU
		{1BB62455-E955-4F06-B5A5-ED20D86C5012}.Debug|x86.ActiveCfg = Debug|Any CPU
		{1BB62455-E955-4F06-B5A5-ED20D86C5012}.Debug|x86.Build.0 = Debug|Any CPU
		{1BB62455-E955-4F06-B5A5-ED20D86C5012}.Release|Any CPU.ActiveCfg = Release|Any CPU
		{1BB62455-E955-4F06-B5A5-ED20D86C5012}.Release|Any CPU.Build.0 = Release|Any CPU
		{1BB62455-E955-4F06-B5A5-ED20D86C5012}.Release|x64.ActiveCfg = Release|Any CPU
		{1BB62455-E955-4F06-B5A5-ED20D86C5012}.Release|x64.Build.0 = Release|Any CPU
		{1BB62455-E955-4F06-B5A5-ED20D86C5012}.Release|x86.ActiveCfg = Release|Any CPU
		{1BB62455-E955-4F06-B5A5-ED20D86C5012}.Release|x86.Build.0 = Release|Any CPU
		{144E4275-03C2-4582-8897-40D354973CB3}.Debug|Any CPU.ActiveCfg = Debug|Any CPU
		{144E4275-03C2-4582-8897-40D354973CB3}.Debug|Any CPU.Build.0 = Debug|Any CPU
		{144E4275-03C2-4582-8897-40D354973CB3}.Debug|x64.ActiveCfg = Debug|x64
		{144E4275-03C2-4582-8897-40D354973CB3}.Debug|x64.Build.0 = Debug|x64
		{144E4275-03C2-4582-8897-40D354973CB3}.Debug|x86.ActiveCfg = Debug|x86
		{144E4275-03C2-4582-8897-40D354973CB3}.Debug|x86.Build.0 = Debug|x86
		{144E4275-03C2-4582-8897-40D354973CB3}.Release|Any CPU.ActiveCfg = Release|Any CPU
		{144E4275-03C2-4582-8897-40D354973CB3}.Release|Any CPU.Build.0 = Release|Any CPU
		{144E4275-03C2-4582-8897-40D354973CB3}.Release|x64.ActiveCfg = Release|x64
		{144E4275-03C2-4582-8897-40D354973CB3}.Release|x64.Build.0 = Release|x64
		{144E4275-03C2-4582-8897-40D354973CB3}.Release|x86.ActiveCfg = Release|x86
		{144E4275-03C2-4582-8897-40D354973CB3}.Release|x86.Build.0 = Release|x86
		{7DE21B6E-3A23-458F-AACF-B24251C45145}.Debug|Any CPU.ActiveCfg = Debug|Any CPU
		{7DE21B6E-3A23-458F-AACF-B24251C45145}.Debug|Any CPU.Build.0 = Debug|Any CPU
		{7DE21B6E-3A23-458F-AACF-B24251C45145}.Debug|x64.ActiveCfg = Debug|x64
		{7DE21B6E-3A23-458F-AACF-B24251C45145}.Debug|x64.Build.0 = Debug|x64
		{7DE21B6E-3A23-458F-AACF-B24251C45145}.Debug|x86.ActiveCfg = Debug|x86
		{7DE21B6E-3A23-458F-AACF-B24251C45145}.Debug|x86.Build.0 = Debug|x86
		{7DE21B6E-3A23-458F-AACF-B24251C45145}.Release|Any CPU.ActiveCfg = Release|Any CPU
		{7DE21B6E-3A23-458F-AACF-B24251C45145}.Release|Any CPU.Build.0 = Release|Any CPU
		{7DE21B6E-3A23-458F-AACF-B24251C45145}.Release|x64.ActiveCfg = Release|x64
		{7DE21B6E-3A23-458F-AACF-B24251C45145}.Release|x64.Build.0 = Release|x64
		{7DE21B6E-3A23-458F-AACF-B24251C45145}.Release|x86.ActiveCfg = Release|x86
		{7DE21B6E-3A23-458F-AACF-B24251C45145}.Release|x86.Build.0 = Release|x86
		{91057C7C-F9D3-42AF-86FC-6507BB75ADFD}.Debug|Any CPU.ActiveCfg = Debug|Any CPU
		{91057C7C-F9D3-42AF-86FC-6507BB75ADFD}.Debug|Any CPU.Build.0 = Debug|Any CPU
		{91057C7C-F9D3-42AF-86FC-6507BB75ADFD}.Debug|x64.ActiveCfg = Debug|x64
		{91057C7C-F9D3-42AF-86FC-6507BB75ADFD}.Debug|x64.Build.0 = Debug|x64
		{91057C7C-F9D3-42AF-86FC-6507BB75ADFD}.Debug|x86.ActiveCfg = Debug|x86
		{91057C7C-F9D3-42AF-86FC-6507BB75ADFD}.Debug|x86.Build.0 = Debug|x86
		{91057C7C-F9D3-42AF-86FC-6507BB75ADFD}.Release|Any CPU.ActiveCfg = Release|Any CPU
		{91057C7C-F9D3-42AF-86FC-6507BB75ADFD}.Release|Any CPU.Build.0 = Release|Any CPU
		{91057C7C-F9D3-42AF-86FC-6507BB75ADFD}.Release|x64.ActiveCfg = Release|x64
		{91057C7C-F9D3-42AF-86FC-6507BB75ADFD}.Release|x64.Build.0 = Release|x64
		{91057C7C-F9D3-42AF-86FC-6507BB75ADFD}.Release|x86.ActiveCfg = Release|x86
		{91057C7C-F9D3-42AF-86FC-6507BB75ADFD}.Release|x86.Build.0 = Release|x86
		{4B3A1C30-D42B-43F0-8541-4AB5B51CD05C}.Debug|Any CPU.ActiveCfg = Debug|Any CPU
		{4B3A1C30-D42B-43F0-8541-4AB5B51CD05C}.Debug|Any CPU.Build.0 = Debug|Any CPU
		{4B3A1C30-D42B-43F0-8541-4AB5B51CD05C}.Debug|x64.ActiveCfg = Debug|x64
		{4B3A1C30-D42B-43F0-8541-4AB5B51CD05C}.Debug|x64.Build.0 = Debug|x64
		{4B3A1C30-D42B-43F0-8541-4AB5B51CD05C}.Debug|x86.ActiveCfg = Debug|x86
		{4B3A1C30-D42B-43F0-8541-4AB5B51CD05C}.Debug|x86.Build.0 = Debug|x86
		{4B3A1C30-D42B-43F0-8541-4AB5B51CD05C}.Release|Any CPU.ActiveCfg = Release|Any CPU
		{4B3A1C30-D42B-43F0-8541-4AB5B51CD05C}.Release|Any CPU.Build.0 = Release|Any CPU
		{4B3A1C30-D42B-43F0-8541-4AB5B51CD05C}.Release|x64.ActiveCfg = Release|x64
		{4B3A1C30-D42B-43F0-8541-4AB5B51CD05C}.Release|x64.Build.0 = Release|x64
		{4B3A1C30-D42B-43F0-8541-4AB5B51CD05C}.Release|x86.ActiveCfg = Release|x86
		{4B3A1C30-D42B-43F0-8541-4AB5B51CD05C}.Release|x86.Build.0 = Release|x86
		{AE28E953-59A3-4E8A-AEF2-88DBA1DB9564}.Debug|Any CPU.ActiveCfg = Debug|Any CPU
		{AE28E953-59A3-4E8A-AEF2-88DBA1DB9564}.Debug|Any CPU.Build.0 = Debug|Any CPU
		{AE28E953-59A3-4E8A-AEF2-88DBA1DB9564}.Debug|x64.ActiveCfg = Debug|x64
		{AE28E953-59A3-4E8A-AEF2-88DBA1DB9564}.Debug|x64.Build.0 = Debug|x64
		{AE28E953-59A3-4E8A-AEF2-88DBA1DB9564}.Debug|x86.ActiveCfg = Debug|x86
		{AE28E953-59A3-4E8A-AEF2-88DBA1DB9564}.Debug|x86.Build.0 = Debug|x86
		{AE28E953-59A3-4E8A-AEF2-88DBA1DB9564}.Release|Any CPU.ActiveCfg = Release|Any CPU
		{AE28E953-59A3-4E8A-AEF2-88DBA1DB9564}.Release|Any CPU.Build.0 = Release|Any CPU
		{AE28E953-59A3-4E8A-AEF2-88DBA1DB9564}.Release|x64.ActiveCfg = Release|x64
		{AE28E953-59A3-4E8A-AEF2-88DBA1DB9564}.Release|x64.Build.0 = Release|x64
		{AE28E953-59A3-4E8A-AEF2-88DBA1DB9564}.Release|x86.ActiveCfg = Release|x86
		{AE28E953-59A3-4E8A-AEF2-88DBA1DB9564}.Release|x86.Build.0 = Release|x86
		{58453662-5F28-408F-B30D-2736C621A664}.Debug|Any CPU.ActiveCfg = Debug|Any CPU
		{58453662-5F28-408F-B30D-2736C621A664}.Debug|Any CPU.Build.0 = Debug|Any CPU
		{58453662-5F28-408F-B30D-2736C621A664}.Debug|x64.ActiveCfg = Debug|Any CPU
		{58453662-5F28-408F-B30D-2736C621A664}.Debug|x64.Build.0 = Debug|Any CPU
		{58453662-5F28-408F-B30D-2736C621A664}.Debug|x86.ActiveCfg = Debug|Any CPU
		{58453662-5F28-408F-B30D-2736C621A664}.Debug|x86.Build.0 = Debug|Any CPU
		{58453662-5F28-408F-B30D-2736C621A664}.Release|Any CPU.ActiveCfg = Release|Any CPU
		{58453662-5F28-408F-B30D-2736C621A664}.Release|Any CPU.Build.0 = Release|Any CPU
		{58453662-5F28-408F-B30D-2736C621A664}.Release|x64.ActiveCfg = Release|Any CPU
		{58453662-5F28-408F-B30D-2736C621A664}.Release|x64.Build.0 = Release|Any CPU
		{58453662-5F28-408F-B30D-2736C621A664}.Release|x86.ActiveCfg = Release|Any CPU
		{58453662-5F28-408F-B30D-2736C621A664}.Release|x86.Build.0 = Release|Any CPU
		{9BA8381A-5E44-4571-9CF1-F4469ECEBB02}.Debug|Any CPU.ActiveCfg = Debug|Any CPU
		{9BA8381A-5E44-4571-9CF1-F4469ECEBB02}.Debug|Any CPU.Build.0 = Debug|Any CPU
		{9BA8381A-5E44-4571-9CF1-F4469ECEBB02}.Debug|x64.ActiveCfg = Debug|Any CPU
		{9BA8381A-5E44-4571-9CF1-F4469ECEBB02}.Debug|x64.Build.0 = Debug|Any CPU
		{9BA8381A-5E44-4571-9CF1-F4469ECEBB02}.Debug|x86.ActiveCfg = Debug|Any CPU
		{9BA8381A-5E44-4571-9CF1-F4469ECEBB02}.Debug|x86.Build.0 = Debug|Any CPU
		{9BA8381A-5E44-4571-9CF1-F4469ECEBB02}.Release|Any CPU.ActiveCfg = Release|Any CPU
		{9BA8381A-5E44-4571-9CF1-F4469ECEBB02}.Release|Any CPU.Build.0 = Release|Any CPU
		{9BA8381A-5E44-4571-9CF1-F4469ECEBB02}.Release|x64.ActiveCfg = Release|Any CPU
		{9BA8381A-5E44-4571-9CF1-F4469ECEBB02}.Release|x64.Build.0 = Release|Any CPU
		{9BA8381A-5E44-4571-9CF1-F4469ECEBB02}.Release|x86.ActiveCfg = Release|Any CPU
		{9BA8381A-5E44-4571-9CF1-F4469ECEBB02}.Release|x86.Build.0 = Release|Any CPU
		{AA57B76D-83F5-49E2-AF15-D00F13BEB38C}.Debug|Any CPU.ActiveCfg = Debug|Any CPU
		{AA57B76D-83F5-49E2-AF15-D00F13BEB38C}.Debug|Any CPU.Build.0 = Debug|Any CPU
		{AA57B76D-83F5-49E2-AF15-D00F13BEB38C}.Debug|x64.ActiveCfg = Debug|Any CPU
		{AA57B76D-83F5-49E2-AF15-D00F13BEB38C}.Debug|x64.Build.0 = Debug|Any CPU
		{AA57B76D-83F5-49E2-AF15-D00F13BEB38C}.Debug|x86.ActiveCfg = Debug|Any CPU
		{AA57B76D-83F5-49E2-AF15-D00F13BEB38C}.Debug|x86.Build.0 = Debug|Any CPU
		{AA57B76D-83F5-49E2-AF15-D00F13BEB38C}.Release|Any CPU.ActiveCfg = Release|Any CPU
		{AA57B76D-83F5-49E2-AF15-D00F13BEB38C}.Release|Any CPU.Build.0 = Release|Any CPU
		{AA57B76D-83F5-49E2-AF15-D00F13BEB38C}.Release|x64.ActiveCfg = Release|Any CPU
		{AA57B76D-83F5-49E2-AF15-D00F13BEB38C}.Release|x64.Build.0 = Release|Any CPU
		{AA57B76D-83F5-49E2-AF15-D00F13BEB38C}.Release|x86.ActiveCfg = Release|Any CPU
		{AA57B76D-83F5-49E2-AF15-D00F13BEB38C}.Release|x86.Build.0 = Release|Any CPU
		{BB05A5AD-B639-4153-AFD5-A79D0D2B8599}.Debug|Any CPU.ActiveCfg = Debug|Any CPU
		{BB05A5AD-B639-4153-AFD5-A79D0D2B8599}.Debug|Any CPU.Build.0 = Debug|Any CPU
		{BB05A5AD-B639-4153-AFD5-A79D0D2B8599}.Debug|x64.ActiveCfg = Debug|Any CPU
		{BB05A5AD-B639-4153-AFD5-A79D0D2B8599}.Debug|x64.Build.0 = Debug|Any CPU
		{BB05A5AD-B639-4153-AFD5-A79D0D2B8599}.Debug|x86.ActiveCfg = Debug|Any CPU
		{BB05A5AD-B639-4153-AFD5-A79D0D2B8599}.Debug|x86.Build.0 = Debug|Any CPU
		{BB05A5AD-B639-4153-AFD5-A79D0D2B8599}.Release|Any CPU.ActiveCfg = Release|Any CPU
		{BB05A5AD-B639-4153-AFD5-A79D0D2B8599}.Release|Any CPU.Build.0 = Release|Any CPU
		{BB05A5AD-B639-4153-AFD5-A79D0D2B8599}.Release|x64.ActiveCfg = Release|Any CPU
		{BB05A5AD-B639-4153-AFD5-A79D0D2B8599}.Release|x64.Build.0 = Release|Any CPU
		{BB05A5AD-B639-4153-AFD5-A79D0D2B8599}.Release|x86.ActiveCfg = Release|Any CPU
		{BB05A5AD-B639-4153-AFD5-A79D0D2B8599}.Release|x86.Build.0 = Release|Any CPU
		{496A332B-570A-40BD-A6ED-BE87999EBB58}.Debug|Any CPU.ActiveCfg = Debug|Any CPU
		{496A332B-570A-40BD-A6ED-BE87999EBB58}.Debug|Any CPU.Build.0 = Debug|Any CPU
		{496A332B-570A-40BD-A6ED-BE87999EBB58}.Debug|x64.ActiveCfg = Debug|Any CPU
		{496A332B-570A-40BD-A6ED-BE87999EBB58}.Debug|x64.Build.0 = Debug|Any CPU
		{496A332B-570A-40BD-A6ED-BE87999EBB58}.Debug|x86.ActiveCfg = Debug|Any CPU
		{496A332B-570A-40BD-A6ED-BE87999EBB58}.Debug|x86.Build.0 = Debug|Any CPU
		{496A332B-570A-40BD-A6ED-BE87999EBB58}.Release|Any CPU.ActiveCfg = Release|Any CPU
		{496A332B-570A-40BD-A6ED-BE87999EBB58}.Release|Any CPU.Build.0 = Release|Any CPU
		{496A332B-570A-40BD-A6ED-BE87999EBB58}.Release|x64.ActiveCfg = Release|Any CPU
		{496A332B-570A-40BD-A6ED-BE87999EBB58}.Release|x64.Build.0 = Release|Any CPU
		{496A332B-570A-40BD-A6ED-BE87999EBB58}.Release|x86.ActiveCfg = Release|Any CPU
		{496A332B-570A-40BD-A6ED-BE87999EBB58}.Release|x86.Build.0 = Release|Any CPU
		{B265A105-44F2-4FE3-828C-EC1EB62D1A39}.Debug|Any CPU.ActiveCfg = Debug|Any CPU
		{B265A105-44F2-4FE3-828C-EC1EB62D1A39}.Debug|Any CPU.Build.0 = Debug|Any CPU
		{B265A105-44F2-4FE3-828C-EC1EB62D1A39}.Debug|x64.ActiveCfg = Debug|Any CPU
		{B265A105-44F2-4FE3-828C-EC1EB62D1A39}.Debug|x64.Build.0 = Debug|Any CPU
		{B265A105-44F2-4FE3-828C-EC1EB62D1A39}.Debug|x86.ActiveCfg = Debug|Any CPU
		{B265A105-44F2-4FE3-828C-EC1EB62D1A39}.Debug|x86.Build.0 = Debug|Any CPU
		{B265A105-44F2-4FE3-828C-EC1EB62D1A39}.Release|Any CPU.ActiveCfg = Release|Any CPU
		{B265A105-44F2-4FE3-828C-EC1EB62D1A39}.Release|Any CPU.Build.0 = Release|Any CPU
		{B265A105-44F2-4FE3-828C-EC1EB62D1A39}.Release|x64.ActiveCfg = Release|Any CPU
		{B265A105-44F2-4FE3-828C-EC1EB62D1A39}.Release|x64.Build.0 = Release|Any CPU
		{B265A105-44F2-4FE3-828C-EC1EB62D1A39}.Release|x86.ActiveCfg = Release|Any CPU
		{B265A105-44F2-4FE3-828C-EC1EB62D1A39}.Release|x86.Build.0 = Release|Any CPU
		{D286E1C0-9788-4C85-8C8B-B0E90B75A185}.Debug|Any CPU.ActiveCfg = Debug|Any CPU
		{D286E1C0-9788-4C85-8C8B-B0E90B75A185}.Debug|Any CPU.Build.0 = Debug|Any CPU
		{D286E1C0-9788-4C85-8C8B-B0E90B75A185}.Debug|x64.ActiveCfg = Debug|Any CPU
		{D286E1C0-9788-4C85-8C8B-B0E90B75A185}.Debug|x64.Build.0 = Debug|Any CPU
		{D286E1C0-9788-4C85-8C8B-B0E90B75A185}.Debug|x86.ActiveCfg = Debug|Any CPU
		{D286E1C0-9788-4C85-8C8B-B0E90B75A185}.Debug|x86.Build.0 = Debug|Any CPU
		{D286E1C0-9788-4C85-8C8B-B0E90B75A185}.Release|Any CPU.ActiveCfg = Release|Any CPU
		{D286E1C0-9788-4C85-8C8B-B0E90B75A185}.Release|Any CPU.Build.0 = Release|Any CPU
		{D286E1C0-9788-4C85-8C8B-B0E90B75A185}.Release|x64.ActiveCfg = Release|Any CPU
		{D286E1C0-9788-4C85-8C8B-B0E90B75A185}.Release|x64.Build.0 = Release|Any CPU
		{D286E1C0-9788-4C85-8C8B-B0E90B75A185}.Release|x86.ActiveCfg = Release|Any CPU
		{D286E1C0-9788-4C85-8C8B-B0E90B75A185}.Release|x86.Build.0 = Release|Any CPU
		{4EEDD9EF-4DDC-486C-8387-97E2960E2324}.Debug|Any CPU.ActiveCfg = Debug|Any CPU
		{4EEDD9EF-4DDC-486C-8387-97E2960E2324}.Debug|Any CPU.Build.0 = Debug|Any CPU
		{4EEDD9EF-4DDC-486C-8387-97E2960E2324}.Debug|x64.ActiveCfg = Debug|Any CPU
		{4EEDD9EF-4DDC-486C-8387-97E2960E2324}.Debug|x64.Build.0 = Debug|Any CPU
		{4EEDD9EF-4DDC-486C-8387-97E2960E2324}.Debug|x86.ActiveCfg = Debug|Any CPU
		{4EEDD9EF-4DDC-486C-8387-97E2960E2324}.Debug|x86.Build.0 = Debug|Any CPU
		{4EEDD9EF-4DDC-486C-8387-97E2960E2324}.Release|Any CPU.ActiveCfg = Release|Any CPU
		{4EEDD9EF-4DDC-486C-8387-97E2960E2324}.Release|Any CPU.Build.0 = Release|Any CPU
		{4EEDD9EF-4DDC-486C-8387-97E2960E2324}.Release|x64.ActiveCfg = Release|Any CPU
		{4EEDD9EF-4DDC-486C-8387-97E2960E2324}.Release|x64.Build.0 = Release|Any CPU
		{4EEDD9EF-4DDC-486C-8387-97E2960E2324}.Release|x86.ActiveCfg = Release|Any CPU
		{4EEDD9EF-4DDC-486C-8387-97E2960E2324}.Release|x86.Build.0 = Release|Any CPU
	EndGlobalSection
	GlobalSection(NestedProjects) = preSolution
		{CEB62625-8CD8-459B-952F-932A213BD81D} = {CCC3146F-320C-4E1D-8017-056C9DCB6B0C}
		{D71A2E14-3AD0-470F-BED1-E7D4F7874D94} = {CCC3146F-320C-4E1D-8017-056C9DCB6B0C}
		{7D831AAC-739D-4099-8654-F238400C24D6} = {DDDA7AB6-03C2-4499-BED3-E404CB6ADE69}
		{CB55C7E5-D1A4-49BC-94D1-9C8CB598426B} = {DDDA7AB6-03C2-4499-BED3-E404CB6ADE69}
		{91057C7C-F9D3-42AF-86FC-6507BB75ADFD} = {CCC3146F-320C-4E1D-8017-056C9DCB6B0C}
		{4B3A1C30-D42B-43F0-8541-4AB5B51CD05C} = {DDDA7AB6-03C2-4499-BED3-E404CB6ADE69}
		{9BA8381A-5E44-4571-9CF1-F4469ECEBB02} = {CCC3146F-320C-4E1D-8017-056C9DCB6B0C}
		{BD5BD485-39EB-4174-84CC-0BC0E7366462} = {78DD95B5-E466-4ED0-8824-36F78AB08174}
		{4EEDD9EF-4DDC-486C-8387-97E2960E2324} = {BD5BD485-39EB-4174-84CC-0BC0E7366462}
		{13881877-c9d2-4259-b061-3f041f1224fa} = {78DD95B5-E466-4ED0-8824-36F78AB08174}
		{AE28E953-59A3-4E8A-AEF2-88DBA1DB9564} = {13881877-c9d2-4259-b061-3f041f1224fa}
		{1BB62455-E955-4F06-B5A5-ED20D86C5012} = {13881877-c9d2-4259-b061-3f041f1224fa}
		{58453662-5F28-408F-B30D-2736C621A664} = {13881877-c9d2-4259-b061-3f041f1224fa}
		{B265A105-44F2-4FE3-828C-EC1EB62D1A39} = {13881877-c9d2-4259-b061-3f041f1224fa}
		{BB05A5AD-B639-4153-AFD5-A79D0D2B8599} = {13881877-c9d2-4259-b061-3f041f1224fa}
		{D286E1C0-9788-4C85-8C8B-B0E90B75A185} = {13881877-c9d2-4259-b061-3f041f1224fa}
		{7DE21B6E-3A23-458F-AACF-B24251C45145} = {13881877-c9d2-4259-b061-3f041f1224fa}
		{AA57B76D-83F5-49E2-AF15-D00F13BEB38C} = {13881877-c9d2-4259-b061-3f041f1224fa}
		{144E4275-03C2-4582-8897-40D354973CB3} = {13881877-c9d2-4259-b061-3f041f1224fa}
		{496A332B-570A-40BD-A6ED-BE87999EBB58} = {13881877-c9d2-4259-b061-3f041f1224fa}
		{4C8D453C-46F6-40A7-9DD1-E5D4C35BA2E6} = {13881877-c9d2-4259-b061-3f041f1224fa}
	EndGlobalSection
EndGlobal
