
Microsoft Visual Studio Solution File, Format Version 12.00
# Visual Studio 15
VisualStudioVersion = 15.0.26124.0
MinimumVisualStudioVersion = 15.0.26124.0
Project("{2150E333-8FDC-42A3-9474-1A3956D46DE8}") = "src", "src", "{CCC3146F-320C-4E1D-8017-056C9DCB6B0C}"
EndProject
Project("{FAE04EC0-301F-11D3-BF4B-00C04F79EFBC}") = "Finbuckle.MultiTenant.AspNetCore", "src\Finbuckle.MultiTenant.AspNetCore\Finbuckle.MultiTenant.AspNetCore.csproj", "{CEB62625-8CD8-459B-952F-932A213BD81D}"
EndProject
Project("{FAE04EC0-301F-11D3-BF4B-00C04F79EFBC}") = "Finbuckle.MultiTenant.EntityFrameworkCore", "src\Finbuckle.MultiTenant.EntityFrameworkCore\Finbuckle.MultiTenant.EntityFrameworkCore.csproj", "{D71A2E14-3AD0-470F-BED1-E7D4F7874D94}"
EndProject
Project("{2150E333-8FDC-42A3-9474-1A3956D46DE8}") = "test", "test", "{DDDA7AB6-03C2-4499-BED3-E404CB6ADE69}"
EndProject
Project("{FAE04EC0-301F-11D3-BF4B-00C04F79EFBC}") = "Finbuckle.MultiTenant.AspNetCore.Test", "test\Finbuckle.MultiTenant.AspNetCore.Test\Finbuckle.MultiTenant.AspNetCore.Test.csproj", "{CB55C7E5-D1A4-49BC-94D1-9C8CB598426B}"
EndProject
Project("{2150E333-8FDC-42A3-9474-1A3956D46DE8}") = "samples", "samples", "{78DD95B5-E466-4ED0-8824-36F78AB08174}"
EndProject
Project("{FAE04EC0-301F-11D3-BF4B-00C04F79EFBC}") = "Finbuckle.MultiTenant.Test", "test\Finbuckle.MultiTenant.Test\Finbuckle.MultiTenant.Test.csproj", "{4B3A1C30-D42B-43F0-8541-4AB5B51CD05C}"
EndProject
Project("{FAE04EC0-301F-11D3-BF4B-00C04F79EFBC}") = "Finbuckle.MultiTenant", "src\Finbuckle.MultiTenant\Finbuckle.MultiTenant.csproj", "{9BA8381A-5E44-4571-9CF1-F4469ECEBB02}"
EndProject
Project("{FAE04EC0-301F-11D3-BF4B-00C04F79EFBC}") = "Finbuckle.MultiTenant.EntityFrameworkCore.Test", "test\Finbuckle.MultiTenant.EntityFrameworkCore.Test\Finbuckle.MultiTenant.EntityFrameworkCore.Test.csproj", "{E1A6EBD0-BBB1-4EC3-9318-2D3A55E6868A}"
EndProject
Project("{2150E333-8FDC-42A3-9474-1A3956D46DE8}") = "net6.0", "net6.0", "{32ACE1CC-3201-4AD2-9DA0-D3D7C31D2715}"
EndProject
Project("{FAE04EC0-301F-11D3-BF4B-00C04F79EFBC}") = "BasePathStrategySample", "samples\net6.0\BasePathStrategySample\BasePathStrategySample.csproj", "{CF531F18-3EA7-4DC9-8546-A9FD2B9834A7}"
EndProject
Project("{FAE04EC0-301F-11D3-BF4B-00C04F79EFBC}") = "IdentitySample", "samples\net6.0\IdentitySample\IdentitySample.csproj", "{EF62B65E-C017-41D2-9D4F-EB3C6E5CD86D}"
EndProject
Project("{FAE04EC0-301F-11D3-BF4B-00C04F79EFBC}") = "Finbuckle.MultiTenant.Store.FusionCache", "src\Finbuckle.MultiTenant.Store.FusionCache\Finbuckle.MultiTenant.Store.FusionCache.csproj", "{7C9B7B46-9F0C-485A-914B-F6B6830AF0F4}"
EndProject
Project("{FAE04EC0-301F-11D3-BF4B-00C04F79EFBC}") = "Finbuckle.MultiTenant.Store.FusionCache.Test", "test\Finbuckle.MultiTenant.Store.FusionCache.Test\Finbuckle.MultiTenant.Store.FusionCache.Test.csproj", "{289D544D-29BE-42DE-B686-7C15EACCFAD4}"
EndProject
Global
	GlobalSection(SolutionConfigurationPlatforms) = preSolution
		Debug|Any CPU = Debug|Any CPU
		Release|Any CPU = Release|Any CPU
	EndGlobalSection
	GlobalSection(SolutionProperties) = preSolution
		HideSolutionNode = FALSE
	EndGlobalSection
	GlobalSection(ProjectConfigurationPlatforms) = postSolution
		{CEB62625-8CD8-459B-952F-932A213BD81D}.Debug|Any CPU.ActiveCfg = Debug|Any CPU
		{CEB62625-8CD8-459B-952F-932A213BD81D}.Debug|Any CPU.Build.0 = Debug|Any CPU
		{CEB62625-8CD8-459B-952F-932A213BD81D}.Release|Any CPU.ActiveCfg = Release|Any CPU
		{CEB62625-8CD8-459B-952F-932A213BD81D}.Release|Any CPU.Build.0 = Release|Any CPU
		{D71A2E14-3AD0-470F-BED1-E7D4F7874D94}.Debug|Any CPU.ActiveCfg = Debug|Any CPU
		{D71A2E14-3AD0-470F-BED1-E7D4F7874D94}.Debug|Any CPU.Build.0 = Debug|Any CPU
		{D71A2E14-3AD0-470F-BED1-E7D4F7874D94}.Release|Any CPU.ActiveCfg = Release|Any CPU
		{D71A2E14-3AD0-470F-BED1-E7D4F7874D94}.Release|Any CPU.Build.0 = Release|Any CPU
		{CB55C7E5-D1A4-49BC-94D1-9C8CB598426B}.Debug|Any CPU.ActiveCfg = Debug|Any CPU
		{CB55C7E5-D1A4-49BC-94D1-9C8CB598426B}.Debug|Any CPU.Build.0 = Debug|Any CPU
		{CB55C7E5-D1A4-49BC-94D1-9C8CB598426B}.Release|Any CPU.ActiveCfg = Release|Any CPU
		{CB55C7E5-D1A4-49BC-94D1-9C8CB598426B}.Release|Any CPU.Build.0 = Release|Any CPU
		{4B3A1C30-D42B-43F0-8541-4AB5B51CD05C}.Debug|Any CPU.ActiveCfg = Debug|Any CPU
		{4B3A1C30-D42B-43F0-8541-4AB5B51CD05C}.Debug|Any CPU.Build.0 = Debug|Any CPU
		{4B3A1C30-D42B-43F0-8541-4AB5B51CD05C}.Release|Any CPU.ActiveCfg = Release|Any CPU
		{4B3A1C30-D42B-43F0-8541-4AB5B51CD05C}.Release|Any CPU.Build.0 = Release|Any CPU
		{9BA8381A-5E44-4571-9CF1-F4469ECEBB02}.Debug|Any CPU.ActiveCfg = Debug|Any CPU
		{9BA8381A-5E44-4571-9CF1-F4469ECEBB02}.Debug|Any CPU.Build.0 = Debug|Any CPU
		{9BA8381A-5E44-4571-9CF1-F4469ECEBB02}.Release|Any CPU.ActiveCfg = Release|Any CPU
		{9BA8381A-5E44-4571-9CF1-F4469ECEBB02}.Release|Any CPU.Build.0 = Release|Any CPU
		{E1A6EBD0-BBB1-4EC3-9318-2D3A55E6868A}.Debug|Any CPU.ActiveCfg = Debug|Any CPU
		{E1A6EBD0-BBB1-4EC3-9318-2D3A55E6868A}.Debug|Any CPU.Build.0 = Debug|Any CPU
		{E1A6EBD0-BBB1-4EC3-9318-2D3A55E6868A}.Release|Any CPU.ActiveCfg = Release|Any CPU
		{E1A6EBD0-BBB1-4EC3-9318-2D3A55E6868A}.Release|Any CPU.Build.0 = Release|Any CPU
		{EF62B65E-C017-41D2-9D4F-EB3C6E5CD86D}.Debug|Any CPU.ActiveCfg = Debug|Any CPU
		{EF62B65E-C017-41D2-9D4F-EB3C6E5CD86D}.Debug|Any CPU.Build.0 = Debug|Any CPU
		{EF62B65E-C017-41D2-9D4F-EB3C6E5CD86D}.Release|Any CPU.ActiveCfg = Release|Any CPU
		{EF62B65E-C017-41D2-9D4F-EB3C6E5CD86D}.Release|Any CPU.Build.0 = Release|Any CPU
		{CF531F18-3EA7-4DC9-8546-A9FD2B9834A7}.Debug|Any CPU.ActiveCfg = Debug|Any CPU
		{CF531F18-3EA7-4DC9-8546-A9FD2B9834A7}.Debug|Any CPU.Build.0 = Debug|Any CPU
		{CF531F18-3EA7-4DC9-8546-A9FD2B9834A7}.Release|Any CPU.ActiveCfg = Release|Any CPU
		{CF531F18-3EA7-4DC9-8546-A9FD2B9834A7}.Release|Any CPU.Build.0 = Release|Any CPU
		{7C9B7B46-9F0C-485A-914B-F6B6830AF0F4}.Debug|Any CPU.ActiveCfg = Debug|Any CPU
		{7C9B7B46-9F0C-485A-914B-F6B6830AF0F4}.Debug|Any CPU.Build.0 = Debug|Any CPU
		{7C9B7B46-9F0C-485A-914B-F6B6830AF0F4}.Release|Any CPU.ActiveCfg = Release|Any CPU
		{7C9B7B46-9F0C-485A-914B-F6B6830AF0F4}.Release|Any CPU.Build.0 = Release|Any CPU
		{289D544D-29BE-42DE-B686-7C15EACCFAD4}.Debug|Any CPU.ActiveCfg = Debug|Any CPU
		{289D544D-29BE-42DE-B686-7C15EACCFAD4}.Debug|Any CPU.Build.0 = Debug|Any CPU
		{289D544D-29BE-42DE-B686-7C15EACCFAD4}.Release|Any CPU.ActiveCfg = Release|Any CPU
		{289D544D-29BE-42DE-B686-7C15EACCFAD4}.Release|Any CPU.Build.0 = Release|Any CPU
	EndGlobalSection
	GlobalSection(NestedProjects) = preSolution
		{CEB62625-8CD8-459B-952F-932A213BD81D} = {CCC3146F-320C-4E1D-8017-056C9DCB6B0C}
		{D71A2E14-3AD0-470F-BED1-E7D4F7874D94} = {CCC3146F-320C-4E1D-8017-056C9DCB6B0C}
		{CB55C7E5-D1A4-49BC-94D1-9C8CB598426B} = {DDDA7AB6-03C2-4499-BED3-E404CB6ADE69}
		{4B3A1C30-D42B-43F0-8541-4AB5B51CD05C} = {DDDA7AB6-03C2-4499-BED3-E404CB6ADE69}
		{9BA8381A-5E44-4571-9CF1-F4469ECEBB02} = {CCC3146F-320C-4E1D-8017-056C9DCB6B0C}
		{E1A6EBD0-BBB1-4EC3-9318-2D3A55E6868A} = {DDDA7AB6-03C2-4499-BED3-E404CB6ADE69}
		{CF531F18-3EA7-4DC9-8546-A9FD2B9834A7} = {32ACE1CC-3201-4AD2-9DA0-D3D7C31D2715}
		{32ACE1CC-3201-4AD2-9DA0-D3D7C31D2715} = {78DD95B5-E466-4ED0-8824-36F78AB08174}
		{EF62B65E-C017-41D2-9D4F-EB3C6E5CD86D} = {32ACE1CC-3201-4AD2-9DA0-D3D7C31D2715}
		{7C9B7B46-9F0C-485A-914B-F6B6830AF0F4} = {CCC3146F-320C-4E1D-8017-056C9DCB6B0C}
		{289D544D-29BE-42DE-B686-7C15EACCFAD4} = {DDDA7AB6-03C2-4499-BED3-E404CB6ADE69}
	EndGlobalSection
EndGlobal
