{
  "version": 1,
  "dependencies": {
    "net8.0": {
      "Microsoft.AspNetCore.Identity.EntityFrameworkCore": {
        "type": "Direct",
        "requested": "[8.0.*, )",
        "resolved": "8.0.17",
        "contentHash": "CPfyQuBuAezOjoSQ36sdSb9Bm6nBX6Gx9vXWzEkx5GeUv+hYMfOyPoJ+BU6u/NvBA75dFMh6uA1qzqMDzhwm1A==",
        "dependencies": {
          "Microsoft.EntityFrameworkCore.Relational": "8.0.17",
          "Microsoft.Extensions.Identity.Stores": "8.0.17"
        }
      },
      "Microsoft.EntityFrameworkCore.Relational": {
        "type": "Direct",
        "requested": "[8.0.*, )",
        "resolved": "8.0.17",
        "contentHash": "qgCpPznBOuCU7vebzjIz9uIJaHUQ6X4olzk2eoAY/o0hY/4yKyeOf7zmVSHz9xFPrcPMK4K0Kfl7/ZMHdagtsg==",
        "dependencies": {
          "Microsoft.EntityFrameworkCore": "8.0.17",
          "Microsoft.Extensions.Configuration.Abstractions": "8.0.0"
        }
      },
      "Microsoft.Extensions.Identity.Stores": {
        "type": "Direct",
        "requested": "[8.0.*, )",
        "resolved": "8.0.17",
        "contentHash": "NAKRgu+oAl2LBQum3BqEhQW7qpe5WvOVD4l6O+SFdHuBJ1DqpQm7eNcyXrUTHPeowXgG28uCWZPbs0lZIV4b5w==",
        "dependencies": {
          "Microsoft.Extensions.Caching.Abstractions": "8.0.0",
          "Microsoft.Extensions.Identity.Core": "8.0.17",
          "Microsoft.Extensions.Logging": "8.0.1"
        }
      },
      "Microsoft.AspNetCore.Cryptography.Internal": {
        "type": "Transitive",
        "resolved": "8.0.17",
        "contentHash": "95Gn5HPK2zIWXShHtg+wsQV3LnA4SvO7hCt5pcWQjMRbRdZcPkgoy7SFSBeoDQmcgGn1zwn/1S2FIAiVf8NPVw=="
      },
      "Microsoft.AspNetCore.Cryptography.KeyDerivation": {
        "type": "Transitive",
        "resolved": "8.0.17",
        "contentHash": "2UkrBsqtj2gyicV0JjZ7HkXoiMLFu6DteHh0OH4cPnMzTWZuUZdFP/chriDSrhp5+iz8Mq9E+XkrxXqo08Oddg==",
        "dependencies": {
          "Microsoft.AspNetCore.Cryptography.Internal": "8.0.17"
        }
      },
      "Microsoft.EntityFrameworkCore": {
        "type": "Transitive",
        "resolved": "8.0.17",
        "contentHash": "WqZly7Guj0I9EKXrPMCQFDaJMEIRHxfIs7/0ZUB3H1k4a15R1QgzN5ZGCCYoQWMLe0XL0f9AZIB4XwumeO9Gvw==",
        "dependencies": {
          "Microsoft.EntityFrameworkCore.Abstractions": "8.0.17",
          "Microsoft.EntityFrameworkCore.Analyzers": "8.0.17",
          "Microsoft.Extensions.Caching.Memory": "8.0.1",
          "Microsoft.Extensions.Logging": "8.0.1"
        }
      },
      "Microsoft.EntityFrameworkCore.Abstractions": {
        "type": "Transitive",
        "resolved": "8.0.17",
        "contentHash": "qj8GWkooslMPawGU/uKljHx9q9zI80qZ2O1nMpHsSA7Ud78B0G1rth3u4tYAMp8/SAuOeaXXa4FzwiyMOtIEOA=="
      },
      "Microsoft.EntityFrameworkCore.Analyzers": {
        "type": "Transitive",
        "resolved": "8.0.17",
        "contentHash": "ndRuqcOP6GV3tMCyPipuMNbQq2dUNdRlcvfbXkfwbm8b8fc6psLIABgkL5qaekgyTKxEa1ftnidU7S0til/Jwg=="
      },
      "Microsoft.Extensions.Caching.Abstractions": {
        "type": "Transitive",
        "resolved": "8.0.0",
        "contentHash": "3KuSxeHoNYdxVYfg2IRZCThcrlJ1XJqIXkAWikCsbm5C/bCjv7G0WoKDyuR98Q+T607QT2Zl5GsbGRkENcV2yQ==",
        "dependencies": {
          "Microsoft.Extensions.Primitives": "8.0.0"
        }
      },
      "Microsoft.Extensions.Caching.Memory": {
        "type": "Transitive",
        "resolved": "8.0.1",
        "contentHash": "HFDnhYLccngrzyGgHkjEDU5FMLn4MpOsr5ElgsBMC4yx6lJh4jeWO7fHS8+TXPq+dgxCmUa/Trl8svObmwW4QA==",
        "dependencies": {
          "Microsoft.Extensions.Caching.Abstractions": "8.0.0",
          "Microsoft.Extensions.DependencyInjection.Abstractions": "8.0.2",
          "Microsoft.Extensions.Logging.Abstractions": "8.0.2",
          "Microsoft.Extensions.Options": "8.0.2",
          "Microsoft.Extensions.Primitives": "8.0.0"
        }
      },
      "Microsoft.Extensions.Configuration": {
        "type": "Transitive",
        "resolved": "8.0.0",
        "contentHash": "0J/9YNXTMWSZP2p2+nvl8p71zpSwokZXZuJW+VjdErkegAnFdO1XlqtA62SJtgVYHdKu3uPxJHcMR/r35HwFBA==",
        "dependencies": {
          "Microsoft.Extensions.Configuration.Abstractions": "8.0.0",
          "Microsoft.Extensions.Primitives": "8.0.0"
        }
      },
      "Microsoft.Extensions.Configuration.Abstractions": {
        "type": "Transitive",
        "resolved": "8.0.0",
        "contentHash": "3lE/iLSutpgX1CC0NOW70FJoGARRHbyKmG7dc0klnUZ9Dd9hS6N/POPWhKhMLCEuNN5nXEY5agmlFtH562vqhQ==",
        "dependencies": {
          "Microsoft.Extensions.Primitives": "8.0.0"
        }
      },
      "Microsoft.Extensions.Configuration.Binder": {
        "type": "Transitive",
        "resolved": "8.0.0",
        "contentHash": "mBMoXLsr5s1y2zOHWmKsE9veDcx8h1x/c3rz4baEdQKTeDcmQAPNbB54Pi/lhFO3K431eEq6PFbMgLaa6PHFfA==",
        "dependencies": {
          "Microsoft.Extensions.Configuration.Abstractions": "8.0.0"
        }
      },
      "Microsoft.Extensions.DependencyInjection": {
        "type": "Transitive",
        "resolved": "8.0.1",
        "contentHash": "BmANAnR5Xd4Oqw7yQ75xOAYODybZQRzdeNucg7kS5wWKd2PNnMdYtJ2Vciy0QLylRmv42DGl5+AFL9izA6F1Rw==",
        "dependencies": {
          "Microsoft.Extensions.DependencyInjection.Abstractions": "8.0.2"
        }
      },
      "Microsoft.Extensions.DependencyInjection.Abstractions": {
        "type": "Transitive",
        "resolved": "8.0.2",
        "contentHash": "3iE7UF7MQkCv1cxzCahz+Y/guQbTqieyxyaWKhrRO91itI9cOKO76OHeQDahqG4MmW5umr3CcCvGmK92lWNlbg=="
      },
      "Microsoft.Extensions.Diagnostics": {
        "type": "Transitive",
        "resolved": "8.0.1",
        "contentHash": "doVPCUUCY7c6LhBsEfiy3W1bvS7Mi6LkfQMS8nlC22jZWNxBv8VO8bdfeyvpYFst6Kxqk7HBC6lytmEoBssvSQ==",
        "dependencies": {
          "Microsoft.Extensions.Configuration": "8.0.0",
          "Microsoft.Extensions.Diagnostics.Abstractions": "8.0.1",
          "Microsoft.Extensions.Options.ConfigurationExtensions": "8.0.0"
        }
      },
      "Microsoft.Extensions.Diagnostics.Abstractions": {
        "type": "Transitive",
        "resolved": "8.0.1",
        "contentHash": "elH2vmwNmsXuKmUeMQ4YW9ldXiF+gSGDgg1vORksob5POnpaI6caj1Hu8zaYbEuibhqCoWg0YRWDazBY3zjBfg==",
        "dependencies": {
          "Microsoft.Extensions.DependencyInjection.Abstractions": "8.0.2",
          "Microsoft.Extensions.Options": "8.0.2"
        }
      },
      "Microsoft.Extensions.Http": {
        "type": "Transitive",
        "resolved": "8.0.1",
        "contentHash": "kDYeKJUzh0qeg/AI+nSr3ffthmXYQTEb0nS9qRC7YhSbbuN4M4NPbaB77AJwtkTnCV9XZ7qYj3dkZaNcyl73EA==",
        "dependencies": {
          "Microsoft.Extensions.Configuration.Abstractions": "8.0.0",
          "Microsoft.Extensions.DependencyInjection.Abstractions": "8.0.2",
          "Microsoft.Extensions.Diagnostics": "8.0.1",
          "Microsoft.Extensions.Logging": "8.0.1",
          "Microsoft.Extensions.Logging.Abstractions": "8.0.2",
          "Microsoft.Extensions.Options": "8.0.2"
        }
      },
      "Microsoft.Extensions.Identity.Core": {
        "type": "Transitive",
        "resolved": "8.0.17",
        "contentHash": "c/LHQ7Z3HPhF+mlMIBoMaqsAlHJJC5ZWUQE4WO798knvnSmzdafDaYHu61xUEyzcwj3QMWufpPgaSwySLJFczw==",
        "dependencies": {
          "Microsoft.AspNetCore.Cryptography.KeyDerivation": "8.0.17",
          "Microsoft.Extensions.Logging": "8.0.1",
          "Microsoft.Extensions.Options": "8.0.2"
        }
      },
      "Microsoft.Extensions.Logging": {
        "type": "Transitive",
        "resolved": "8.0.1",
        "contentHash": "4x+pzsQEbqxhNf1QYRr5TDkLP9UsLT3A6MdRKDDEgrW7h1ljiEPgTNhKYUhNCCAaVpQECVQ+onA91PTPnIp6Lw==",
        "dependencies": {
          "Microsoft.Extensions.DependencyInjection": "8.0.1",
          "Microsoft.Extensions.Logging.Abstractions": "8.0.2",
          "Microsoft.Extensions.Options": "8.0.2"
        }
      },
      "Microsoft.Extensions.Logging.Abstractions": {
        "type": "Transitive",
        "resolved": "8.0.2",
        "contentHash": "nroMDjS7hNBPtkZqVBbSiQaQjWRDxITI8Y7XnDs97rqG3EbzVTNLZQf7bIeUJcaHOV8bca47s1Uxq94+2oGdxA==",
        "dependencies": {
          "Microsoft.Extensions.DependencyInjection.Abstractions": "8.0.2"
        }
      },
      "Microsoft.Extensions.Options": {
        "type": "Transitive",
        "resolved": "8.0.2",
        "contentHash": "dWGKvhFybsaZpGmzkGCbNNwBD1rVlWzrZKANLW/CcbFJpCEceMCGzT7zZwHOGBCbwM0SzBuceMj5HN1LKV1QqA==",
        "dependencies": {
          "Microsoft.Extensions.DependencyInjection.Abstractions": "8.0.0",
          "Microsoft.Extensions.Primitives": "8.0.0"
        }
      },
      "Microsoft.Extensions.Options.ConfigurationExtensions": {
        "type": "Transitive",
        "resolved": "8.0.0",
        "contentHash": "0f4DMRqEd50zQh+UyJc+/HiBsZ3vhAQALgdkcQEalSH1L2isdC7Yj54M3cyo5e+BeO5fcBQ7Dxly8XiBBcvRgw==",
        "dependencies": {
          "Microsoft.Extensions.Configuration.Abstractions": "8.0.0",
          "Microsoft.Extensions.Configuration.Binder": "8.0.0",
          "Microsoft.Extensions.DependencyInjection.Abstractions": "8.0.0",
          "Microsoft.Extensions.Options": "8.0.0",
          "Microsoft.Extensions.Primitives": "8.0.0"
        }
      },
      "Microsoft.Extensions.Primitives": {
        "type": "Transitive",
        "resolved": "8.0.0",
        "contentHash": "bXJEZrW9ny8vjMF1JV253WeLhpEVzFo1lyaZu1vQ4ZxWUlVvknZ/+ftFgVheLubb4eZPSwwxBeqS1JkCOjxd8g=="
      },
      "finbuckle.multitenant": {
        "type": "Project",
        "dependencies": {
          "Microsoft.Extensions.Caching.Abstractions": "[8.0.*, )",
          "Microsoft.Extensions.Configuration": "[8.0.*, )",
          "Microsoft.Extensions.DependencyInjection": "[8.0.*, )",
          "Microsoft.Extensions.Http": "[8.0.*, )",
          "Microsoft.Extensions.Logging": "[8.0.*, )",
          "Microsoft.Extensions.Options": "[8.0.*, )",
          "Microsoft.Extensions.Options.ConfigurationExtensions": "[8.0.*, )"
        }
      }
    },
    "net9.0": {
      "Microsoft.AspNetCore.Identity.EntityFrameworkCore": {
        "type": "Direct",
        "requested": "[9.0.*, )",
        "resolved": "9.0.6",
        "contentHash": "50+a2SQEx0eOQmLPjxO0sy/leDNvwsU1/HFXpTbIjXGUURrL5fCZGlTENM3CJNWzwd2cCGB/ZLFHFgKTdSyLzw==",
        "dependencies": {
          "Microsoft.EntityFrameworkCore.Relational": "9.0.6",
          "Microsoft.Extensions.Identity.Stores": "9.0.6"
        }
      },
      "Microsoft.EntityFrameworkCore.Relational": {
        "type": "Direct",
        "requested": "[9.0.*, )",
        "resolved": "9.0.6",
        "contentHash": "Ht6OT17sYnO31Dx+hX72YHrc5kZt53g5napaw0FpyIekXCvb+gUVvufEG55Fa7taFm8ccy0Vzs+JVNR9NL0JlA==",
        "dependencies": {
          "Microsoft.EntityFrameworkCore": "9.0.6",
          "Microsoft.Extensions.Caching.Memory": "9.0.6",
          "Microsoft.Extensions.Configuration.Abstractions": "9.0.6",
          "Microsoft.Extensions.Logging": "9.0.6"
        }
      },
      "Microsoft.Extensions.Identity.Stores": {
        "type": "Direct",
        "requested": "[9.0.*, )",
        "resolved": "9.0.6",
        "contentHash": "kAPyVejLK5/hNSXRdJ3LZomkzwsde2dEklLGVhR7OS+fJs70nIuj5f52U0LDQ05KAuQsKOTc/utaghiH07uKIg==",
        "dependencies": {
          "Microsoft.Extensions.Caching.Abstractions": "9.0.6",
          "Microsoft.Extensions.Identity.Core": "9.0.6",
          "Microsoft.Extensions.Logging": "9.0.6"
        }
      },
      "Microsoft.AspNetCore.Cryptography.Internal": {
        "type": "Transitive",
        "resolved": "9.0.6",
        "contentHash": "AbRZPnAXFIvKKOWer6setdYy6/KY/hM9onf/LscD1O6sD8AJSyYemxmIa9T/kbfEPek2neEn9+lnPf7ClfglTQ=="
      },
      "Microsoft.AspNetCore.Cryptography.KeyDerivation": {
        "type": "Transitive",
        "resolved": "9.0.6",
        "contentHash": "8yJVwMyycWClrTjbyWl9AUquizaMC9wZWj/Q+Pqdbse25cwMSb6fROrpZyZULqRfE67iV1vh6igG3S+nakIKqQ==",
        "dependencies": {
          "Microsoft.AspNetCore.Cryptography.Internal": "9.0.6"
        }
      },
      "Microsoft.EntityFrameworkCore": {
        "type": "Transitive",
        "resolved": "9.0.6",
        "contentHash": "r5hzM6Bhw4X3z28l5vmsaCPjk9VsQP4zaaY01THh1SAYjgTMVadYIvpNkCfmrv/Klks6aIf2A9eY7cpGZab/hg==",
        "dependencies": {
          "Microsoft.EntityFrameworkCore.Abstractions": "9.0.6",
          "Microsoft.EntityFrameworkCore.Analyzers": "9.0.6",
          "Microsoft.Extensions.Caching.Memory": "9.0.6",
          "Microsoft.Extensions.Logging": "9.0.6"
        }
      },
      "Microsoft.EntityFrameworkCore.Abstractions": {
        "type": "Transitive",
        "resolved": "9.0.6",
        "contentHash": "7MkhPK8emb8hfOx/mFVvHuIHxQ+mH2YdlK4sFUXgsGlvR0A44vsmd2wcHavZOTTzaKhN+aFUVy3zmkztKmTo+A=="
      },
      "Microsoft.EntityFrameworkCore.Analyzers": {
        "type": "Transitive",
        "resolved": "9.0.6",
        "contentHash": "VKggHNQC5FCn3/vooaIM/4aEjGmrmWm78IrdRLz9lLV0Rm9bVHEr/jiWApDkU0U9ec2xGAilvQqJ5mMX7QC2cw=="
      },
      "Microsoft.Extensions.Caching.Abstractions": {
        "type": "Transitive",
        "resolved": "9.0.6",
        "contentHash": "bL/xQsVNrdVkzjP5yjX4ndkQ03H3+Bk3qPpl+AMCEJR2RkfgAYmoQ/xXffPV7is64+QHShnhA12YAaFmNbfM+A==",
        "dependencies": {
          "Microsoft.Extensions.Primitives": "9.0.6"
        }
      },
      "Microsoft.Extensions.Caching.Memory": {
        "type": "Transitive",
        "resolved": "9.0.6",
        "contentHash": "qPW2d798tBPZcRmrlaBJqyChf2+0odDdE+0Lxvrr0ywkSNl1oNMK8AKrOfDwyXyjuLCv0ua7p6nrUExCeXhCcg==",
        "dependencies": {
          "Microsoft.Extensions.Caching.Abstractions": "9.0.6",
          "Microsoft.Extensions.DependencyInjection.Abstractions": "9.0.6",
          "Microsoft.Extensions.Logging.Abstractions": "9.0.6",
          "Microsoft.Extensions.Options": "9.0.6",
          "Microsoft.Extensions.Primitives": "9.0.6"
        }
      },
      "Microsoft.Extensions.Configuration": {
        "type": "Transitive",
        "resolved": "9.0.6",
        "contentHash": "VWB5jdkxHsRiuoniTqwOL32R4OWyp5If/bAucLjRJczRVNcwb8iCXKLjn3Inv8fv+jHMVMnvQLg7xhSys+y5PA==",
        "dependencies": {
          "Microsoft.Extensions.Configuration.Abstractions": "9.0.6",
          "Microsoft.Extensions.Primitives": "9.0.6"
        }
      },
      "Microsoft.Extensions.Configuration.Abstractions": {
        "type": "Transitive",
        "resolved": "9.0.6",
        "contentHash": "3GgMIi2jP8g1fBW93Z9b9Unamc0SIsgyhiCmC91gq4loTixK9vQMuxxUsfJ1kRGwn+/FqLKwOHqmn0oYWn3Fvw==",
        "dependencies": {
          "Microsoft.Extensions.Primitives": "9.0.6"
        }
      },
      "Microsoft.Extensions.Configuration.Binder": {
        "type": "Transitive",
        "resolved": "9.0.6",
        "contentHash": "Opl/7SIrwDy9WjHn/vU2thQ8CUtrIWHLr+89I7/0VYNEJQvpL24zvqYrh83cH38RzNKHji0WGVkCVP6HJChVVw==",
        "dependencies": {
          "Microsoft.Extensions.Configuration.Abstractions": "9.0.6"
        }
      },
      "Microsoft.Extensions.DependencyInjection": {
        "type": "Transitive",
        "resolved": "9.0.6",
        "contentHash": "vS65HMo5RS10DD543fknsyVDxihMcVxVn3/hNaILgBxWYnOLxWIeCIO9X0QFuCvPRNjClvXe9Aj8KaQNx7vFkQ==",
        "dependencies": {
          "Microsoft.Extensions.DependencyInjection.Abstractions": "9.0.6"
        }
      },
      "Microsoft.Extensions.DependencyInjection.Abstractions": {
        "type": "Transitive",
        "resolved": "9.0.6",
        "contentHash": "0Zn6nR/6g+90MxskZyOOMPQvnPnrrGu6bytPwkV+azDcTtCSuQ1+GJUrg8Klmnrjk1i6zMpw2lXijl+tw7Q3kA=="
      },
      "Microsoft.Extensions.Diagnostics": {
        "type": "Transitive",
        "resolved": "9.0.6",
        "contentHash": "mIqCzZseDK9SqTRy4LxtjLwjlUu6aH5UdA6j0vgVER14yki9oRqLF+SmBiF6OlwsBSeL6dMQ8dmq02JMeE2puQ==",
        "dependencies": {
          "Microsoft.Extensions.Configuration": "9.0.6",
          "Microsoft.Extensions.Diagnostics.Abstractions": "9.0.6",
          "Microsoft.Extensions.Options.ConfigurationExtensions": "9.0.6"
        }
      },
      "Microsoft.Extensions.Diagnostics.Abstractions": {
        "type": "Transitive",
        "resolved": "9.0.6",
        "contentHash": "GIoXX7VDcTEsNM6yvffTBaOwnPQELGI5dzExR7L2O7AUkDsHBYIZawUbuwfq3cYzz8dIAAJotQYJMzH7qy27Ng==",
        "dependencies": {
          "Microsoft.Extensions.DependencyInjection.Abstractions": "9.0.6",
          "Microsoft.Extensions.Options": "9.0.6"
        }
      },
      "Microsoft.Extensions.Http": {
        "type": "Transitive",
        "resolved": "9.0.6",
        "contentHash": "YoCEkjHHeeKsOzaJaGKuwsi1Ijckkm/+bv5RXmsKA0/qW4veY0eh5lVtkOXxkqQbVRuK3sObhxRM0UeuF6yAgA==",
        "dependencies": {
          "Microsoft.Extensions.Configuration.Abstractions": "9.0.6",
          "Microsoft.Extensions.DependencyInjection.Abstractions": "9.0.6",
          "Microsoft.Extensions.Diagnostics": "9.0.6",
          "Microsoft.Extensions.Logging": "9.0.6",
          "Microsoft.Extensions.Logging.Abstractions": "9.0.6",
          "Microsoft.Extensions.Options": "9.0.6"
        }
      },
      "Microsoft.Extensions.Identity.Core": {
        "type": "Transitive",
        "resolved": "9.0.6",
        "contentHash": "UByIcYE2r8k2k8Mh+Me9qFg5jzJQ8OFe5r1bePqvI15iK118PsjUtJXppFp3miuZpMOMpYKZM9xfLZ/64MhcNg==",
        "dependencies": {
          "Microsoft.AspNetCore.Cryptography.KeyDerivation": "9.0.6",
          "Microsoft.Extensions.Logging": "9.0.6",
          "Microsoft.Extensions.Options": "9.0.6"
        }
      },
      "Microsoft.Extensions.Logging": {
        "type": "Transitive",
        "resolved": "9.0.6",
        "contentHash": "XBzjitTFaQhF8EbJ645vblZezV1p52ePTxKHoVkRidHF11Xkjxg94qr0Rvp2qyxK2vBJ4OIZ41NB15YUyxTGMQ==",
        "dependencies": {
          "Microsoft.Extensions.DependencyInjection": "9.0.6",
          "Microsoft.Extensions.Logging.Abstractions": "9.0.6",
          "Microsoft.Extensions.Options": "9.0.6"
        }
      },
      "Microsoft.Extensions.Logging.Abstractions": {
        "type": "Transitive",
        "resolved": "9.0.6",
        "contentHash": "LFnyBNK7WtFmKdnHu3v0HOYQ8BcjYuy0jdC9pgCJ/rbLKoJEG9/dBzSKMEeeWDbDeoWS0TIxOC8a9CM5ufca3A==",
        "dependencies": {
          "Microsoft.Extensions.DependencyInjection.Abstractions": "9.0.6"
        }
      },
      "Microsoft.Extensions.Options": {
        "type": "Transitive",
        "resolved": "9.0.6",
        "contentHash": "wUPhNM1zsI58Dy10xRdF2+pnsisiUuETg5ZBncyAEEUm/CQ9Q1vmivyUWH8RDbAlqyixf2dJNQ2XZb7HsKUEQw==",
        "dependencies": {
          "Microsoft.Extensions.DependencyInjection.Abstractions": "9.0.6",
          "Microsoft.Extensions.Primitives": "9.0.6"
        }
      },
      "Microsoft.Extensions.Options.ConfigurationExtensions": {
        "type": "Transitive",
        "resolved": "9.0.6",
        "contentHash": "2lnp8nrvfzyp+5zvfeULm/hkZsDsKkl2ziBt5T8EZKoON5q+XRpRLoWcSPo8mP7GNZXpxKMBVjFNIZNbBIcnRw==",
        "dependencies": {
          "Microsoft.Extensions.Configuration.Abstractions": "9.0.6",
          "Microsoft.Extensions.Configuration.Binder": "9.0.6",
          "Microsoft.Extensions.DependencyInjection.Abstractions": "9.0.6",
          "Microsoft.Extensions.Options": "9.0.6",
          "Microsoft.Extensions.Primitives": "9.0.6"
        }
      },
      "Microsoft.Extensions.Primitives": {
        "type": "Transitive",
        "resolved": "9.0.6",
        "contentHash": "BHniU24QV67qp1pJknqYSofAPYGmijGI8D+ci9yfw33iuFdyOeB9lWTg78ThyYLyQwZw3s0vZ36VMb0MqbUuLw=="
      },
      "finbuckle.multitenant": {
        "type": "Project",
        "dependencies": {
          "Microsoft.Extensions.Caching.Abstractions": "[9.0.*, )",
          "Microsoft.Extensions.Configuration": "[9.0.*, )",
          "Microsoft.Extensions.DependencyInjection": "[9.0.*, )",
          "Microsoft.Extensions.Http": "[9.0.*, )",
          "Microsoft.Extensions.Logging": "[9.0.*, )",
          "Microsoft.Extensions.Options": "[9.0.*, )",
          "Microsoft.Extensions.Options.ConfigurationExtensions": "[9.0.*, )"
        }
      }
    }
  }
}