{
  "version": 1,
  "dependencies": {
    "net8.0": {
      "Microsoft.AspNetCore.Identity.EntityFrameworkCore": {
        "type": "Direct",
        "requested": "[8.0.*, )",
        "resolved": "8.0.27",
        "contentHash": "4oGSVkKkrGcHsdU1cV97B0Uw85Ml+qr+WRSYSD2tyz/J+3mo9qPfAW5YS85OspqtdoASJWbt8n9gTFF9dtwdHw==",
        "dependencies": {
          "Microsoft.EntityFrameworkCore.Relational": "8.0.27",
          "Microsoft.Extensions.Identity.Stores": "8.0.27"
        }
      },
      "Microsoft.EntityFrameworkCore.Relational": {
        "type": "Direct",
        "requested": "[8.0.*, )",
        "resolved": "8.0.27",
        "contentHash": "ulztr0Jcvzg6bbL8wuwshVKcuU4GMeObvSJopg9KM/MBHwEcOroawdoYOJKmcmfmIp2dfXCl0n/qNRLfBfJwZg==",
        "dependencies": {
          "Microsoft.EntityFrameworkCore": "8.0.27",
          "Microsoft.Extensions.Configuration.Abstractions": "8.0.0"
        }
      },
      "Microsoft.Extensions.Identity.Stores": {
        "type": "Direct",
        "requested": "[8.0.*, )",
        "resolved": "8.0.27",
        "contentHash": "nBazeKR/VqCxpZ/W99RTfWe3PAG9f70YKs7u1+lrxGnAxhqPtT0P6SvpQmYRApnTvWxwnqZZYBB3+kShMvyrmg==",
        "dependencies": {
          "Microsoft.Extensions.Caching.Abstractions": "8.0.0",
          "Microsoft.Extensions.Identity.Core": "8.0.27",
          "Microsoft.Extensions.Logging": "8.0.1"
        }
      },
      "Microsoft.AspNetCore.Cryptography.Internal": {
        "type": "Transitive",
        "resolved": "8.0.27",
        "contentHash": "YNgMaKAvbgSjC7ZlRotnNH+0HAT80W7j9A8vAcgu4AN6nGE3LEhhnYXkTU/KiklOtwhicmQksFqopsmXcNhoug=="
      },
      "Microsoft.AspNetCore.Cryptography.KeyDerivation": {
        "type": "Transitive",
        "resolved": "8.0.27",
        "contentHash": "nY7rxwjIlvimh2Y5/v/Y2Xbrsa5gXUVla115G9qxA5saBQKKqzDwZbTpfHn/q3gWkNpb2TKZv7KioWBAXd5Abw==",
        "dependencies": {
          "Microsoft.AspNetCore.Cryptography.Internal": "8.0.27"
        }
      },
      "Microsoft.EntityFrameworkCore": {
        "type": "Transitive",
        "resolved": "8.0.27",
        "contentHash": "fe3vhlibOcspurgPucQQW4KGC3Z2aj3hafb68AKxFVFawzT5+x6FA4NGzLrWMDs682A3uTodd0hOHX0ZUDwdzA==",
        "dependencies": {
          "Microsoft.EntityFrameworkCore.Abstractions": "8.0.27",
          "Microsoft.EntityFrameworkCore.Analyzers": "8.0.27",
          "Microsoft.Extensions.Caching.Memory": "8.0.1",
          "Microsoft.Extensions.Logging": "8.0.1"
        }
      },
      "Microsoft.EntityFrameworkCore.Abstractions": {
        "type": "Transitive",
        "resolved": "8.0.27",
        "contentHash": "/pqkVwmVsMOePo58AlmpXCQOOsGTqMahgbANhmP7WZMd9PiXLnzVxU06R+HbW0u+YdZ4w4aBDvVg+vUpGKydJg=="
      },
      "Microsoft.EntityFrameworkCore.Analyzers": {
        "type": "Transitive",
        "resolved": "8.0.27",
        "contentHash": "9hl8QNHrgOtidE7I5aom9ABcXCIjv1fnRxgNNC4PaA043zPte28ifvkW2KK91OoAYF7trZSmU1qYScTra3N7HA=="
      },
      "Microsoft.Extensions.Caching.Abstractions": {
        "type": "Transitive",
        "resolved": "8.0.0",
        "contentHash": "3KuSxeHoNYdxVYfg2IRZCThcrlJ1XJqIXkAWikCsbm5C/bCjv7G0WoKDyuR98Q+T607QT2Zl5GsbGRkENcV2yQ==",
        "dependencies": {
          "Microsoft.Extensions.Primitives": "8.0.0"
        }
      },
      "Microsoft.Extensions.Caching.Memory": {
        "type": "Transitive",
        "resolved": "8.0.1",
        "contentHash": "HFDnhYLccngrzyGgHkjEDU5FMLn4MpOsr5ElgsBMC4yx6lJh4jeWO7fHS8+TXPq+dgxCmUa/Trl8svObmwW4QA==",
        "dependencies": {
          "Microsoft.Extensions.Caching.Abstractions": "8.0.0",
          "Microsoft.Extensions.DependencyInjection.Abstractions": "8.0.2",
          "Microsoft.Extensions.Logging.Abstractions": "8.0.2",
          "Microsoft.Extensions.Options": "8.0.2",
          "Microsoft.Extensions.Primitives": "8.0.0"
        }
      },
      "Microsoft.Extensions.Configuration": {
        "type": "Transitive",
        "resolved": "8.0.0",
        "contentHash": "0J/9YNXTMWSZP2p2+nvl8p71zpSwokZXZuJW+VjdErkegAnFdO1XlqtA62SJtgVYHdKu3uPxJHcMR/r35HwFBA==",
        "dependencies": {
          "Microsoft.Extensions.Configuration.Abstractions": "8.0.0",
          "Microsoft.Extensions.Primitives": "8.0.0"
        }
      },
      "Microsoft.Extensions.Configuration.Abstractions": {
        "type": "Transitive",
        "resolved": "8.0.0",
        "contentHash": "3lE/iLSutpgX1CC0NOW70FJoGARRHbyKmG7dc0klnUZ9Dd9hS6N/POPWhKhMLCEuNN5nXEY5agmlFtH562vqhQ==",
        "dependencies": {
          "Microsoft.Extensions.Primitives": "8.0.0"
        }
      },
      "Microsoft.Extensions.Configuration.Binder": {
        "type": "Transitive",
        "resolved": "8.0.0",
        "contentHash": "mBMoXLsr5s1y2zOHWmKsE9veDcx8h1x/c3rz4baEdQKTeDcmQAPNbB54Pi/lhFO3K431eEq6PFbMgLaa6PHFfA==",
        "dependencies": {
          "Microsoft.Extensions.Configuration.Abstractions": "8.0.0"
        }
      },
      "Microsoft.Extensions.DependencyInjection": {
        "type": "Transitive",
        "resolved": "8.0.1",
        "contentHash": "BmANAnR5Xd4Oqw7yQ75xOAYODybZQRzdeNucg7kS5wWKd2PNnMdYtJ2Vciy0QLylRmv42DGl5+AFL9izA6F1Rw==",
        "dependencies": {
          "Microsoft.Extensions.DependencyInjection.Abstractions": "8.0.2"
        }
      },
      "Microsoft.Extensions.DependencyInjection.Abstractions": {
        "type": "Transitive",
        "resolved": "8.0.2",
        "contentHash": "3iE7UF7MQkCv1cxzCahz+Y/guQbTqieyxyaWKhrRO91itI9cOKO76OHeQDahqG4MmW5umr3CcCvGmK92lWNlbg=="
      },
      "Microsoft.Extensions.Diagnostics": {
        "type": "Transitive",
        "resolved": "8.0.1",
        "contentHash": "doVPCUUCY7c6LhBsEfiy3W1bvS7Mi6LkfQMS8nlC22jZWNxBv8VO8bdfeyvpYFst6Kxqk7HBC6lytmEoBssvSQ==",
        "dependencies": {
          "Microsoft.Extensions.Configuration": "8.0.0",
          "Microsoft.Extensions.Diagnostics.Abstractions": "8.0.1",
          "Microsoft.Extensions.Options.ConfigurationExtensions": "8.0.0"
        }
      },
      "Microsoft.Extensions.Diagnostics.Abstractions": {
        "type": "Transitive",
        "resolved": "8.0.1",
        "contentHash": "elH2vmwNmsXuKmUeMQ4YW9ldXiF+gSGDgg1vORksob5POnpaI6caj1Hu8zaYbEuibhqCoWg0YRWDazBY3zjBfg==",
        "dependencies": {
          "Microsoft.Extensions.DependencyInjection.Abstractions": "8.0.2",
          "Microsoft.Extensions.Options": "8.0.2"
        }
      },
      "Microsoft.Extensions.Http": {
        "type": "Transitive",
        "resolved": "8.0.1",
        "contentHash": "kDYeKJUzh0qeg/AI+nSr3ffthmXYQTEb0nS9qRC7YhSbbuN4M4NPbaB77AJwtkTnCV9XZ7qYj3dkZaNcyl73EA==",
        "dependencies": {
          "Microsoft.Extensions.Configuration.Abstractions": "8.0.0",
          "Microsoft.Extensions.DependencyInjection.Abstractions": "8.0.2",
          "Microsoft.Extensions.Diagnostics": "8.0.1",
          "Microsoft.Extensions.Logging": "8.0.1",
          "Microsoft.Extensions.Logging.Abstractions": "8.0.2",
          "Microsoft.Extensions.Options": "8.0.2"
        }
      },
      "Microsoft.Extensions.Identity.Core": {
        "type": "Transitive",
        "resolved": "8.0.27",
        "contentHash": "JoDfiY/4V8eF++bRV/pxEO4lJsWhzv5Cp/83PB4qezYEZb7rxyndid0auPc3214ws9hV73LNQF+L/W9qr6WRig==",
        "dependencies": {
          "Microsoft.AspNetCore.Cryptography.KeyDerivation": "8.0.27",
          "Microsoft.Extensions.Logging": "8.0.1",
          "Microsoft.Extensions.Options": "8.0.2"
        }
      },
      "Microsoft.Extensions.Logging": {
        "type": "Transitive",
        "resolved": "8.0.1",
        "contentHash": "4x+pzsQEbqxhNf1QYRr5TDkLP9UsLT3A6MdRKDDEgrW7h1ljiEPgTNhKYUhNCCAaVpQECVQ+onA91PTPnIp6Lw==",
        "dependencies": {
          "Microsoft.Extensions.DependencyInjection": "8.0.1",
          "Microsoft.Extensions.Logging.Abstractions": "8.0.2",
          "Microsoft.Extensions.Options": "8.0.2"
        }
      },
      "Microsoft.Extensions.Logging.Abstractions": {
        "type": "Transitive",
        "resolved": "8.0.2",
        "contentHash": "nroMDjS7hNBPtkZqVBbSiQaQjWRDxITI8Y7XnDs97rqG3EbzVTNLZQf7bIeUJcaHOV8bca47s1Uxq94+2oGdxA==",
        "dependencies": {
          "Microsoft.Extensions.DependencyInjection.Abstractions": "8.0.2"
        }
      },
      "Microsoft.Extensions.Options": {
        "type": "Transitive",
        "resolved": "8.0.2",
        "contentHash": "dWGKvhFybsaZpGmzkGCbNNwBD1rVlWzrZKANLW/CcbFJpCEceMCGzT7zZwHOGBCbwM0SzBuceMj5HN1LKV1QqA==",
        "dependencies": {
          "Microsoft.Extensions.DependencyInjection.Abstractions": "8.0.0",
          "Microsoft.Extensions.Primitives": "8.0.0"
        }
      },
      "Microsoft.Extensions.Options.ConfigurationExtensions": {
        "type": "Transitive",
        "resolved": "8.0.0",
        "contentHash": "0f4DMRqEd50zQh+UyJc+/HiBsZ3vhAQALgdkcQEalSH1L2isdC7Yj54M3cyo5e+BeO5fcBQ7Dxly8XiBBcvRgw==",
        "dependencies": {
          "Microsoft.Extensions.Configuration.Abstractions": "8.0.0",
          "Microsoft.Extensions.Configuration.Binder": "8.0.0",
          "Microsoft.Extensions.DependencyInjection.Abstractions": "8.0.0",
          "Microsoft.Extensions.Options": "8.0.0",
          "Microsoft.Extensions.Primitives": "8.0.0"
        }
      },
      "Microsoft.Extensions.Primitives": {
        "type": "Transitive",
        "resolved": "8.0.0",
        "contentHash": "bXJEZrW9ny8vjMF1JV253WeLhpEVzFo1lyaZu1vQ4ZxWUlVvknZ/+ftFgVheLubb4eZPSwwxBeqS1JkCOjxd8g=="
      },
      "finbuckle.multitenant": {
        "type": "Project",
        "dependencies": {
          "Microsoft.Extensions.Caching.Abstractions": "[8.0.*, )",
          "Microsoft.Extensions.Configuration": "[8.0.*, )",
          "Microsoft.Extensions.DependencyInjection": "[8.0.*, )",
          "Microsoft.Extensions.Http": "[8.0.*, )",
          "Microsoft.Extensions.Logging": "[8.0.*, )",
          "Microsoft.Extensions.Options": "[8.0.*, )",
          "Microsoft.Extensions.Options.ConfigurationExtensions": "[8.0.*, )"
        }
      }
    },
    "net9.0": {
      "Microsoft.AspNetCore.Identity.EntityFrameworkCore": {
        "type": "Direct",
        "requested": "[9.0.*, )",
        "resolved": "9.0.16",
        "contentHash": "gH4QWxY4pj0YLUMNqK3mrFjOxJpNxQrYL/nKevEkkF60SGUMfVEpRAdj3GYylidLbeb2rein5T7IT4+bUzJz/w==",
        "dependencies": {
          "Microsoft.EntityFrameworkCore.Relational": "9.0.16",
          "Microsoft.Extensions.Identity.Stores": "9.0.16"
        }
      },
      "Microsoft.EntityFrameworkCore.Relational": {
        "type": "Direct",
        "requested": "[9.0.*, )",
        "resolved": "9.0.16",
        "contentHash": "kqZY+wGgK2xJ3ldfW0UAD/IHfRRV0eMMiY1VBV4sajnl7/Lxb4LROHH/RsslFmhZkFFTqe07aSNlsPB621ml2A==",
        "dependencies": {
          "Microsoft.EntityFrameworkCore": "9.0.16",
          "Microsoft.Extensions.Caching.Memory": "9.0.16",
          "Microsoft.Extensions.Configuration.Abstractions": "9.0.16",
          "Microsoft.Extensions.Logging": "9.0.16"
        }
      },
      "Microsoft.Extensions.Identity.Stores": {
        "type": "Direct",
        "requested": "[9.0.*, )",
        "resolved": "9.0.16",
        "contentHash": "6uR+HVQFkJc/eDqlIT2MlyJA80S/GDuH//GN0HbDz7ckhxCmE+2JvqOHx/kmju1snGpo8vOJHNC5A2cWTfMkxg==",
        "dependencies": {
          "Microsoft.Extensions.Caching.Abstractions": "9.0.16",
          "Microsoft.Extensions.Identity.Core": "9.0.16",
          "Microsoft.Extensions.Logging": "9.0.16"
        }
      },
      "Microsoft.AspNetCore.Cryptography.Internal": {
        "type": "Transitive",
        "resolved": "9.0.16",
        "contentHash": "wAUM6eMgQ7ND2Y/o66JzNEVfGtlODUpxOI32gYyKVUx2naAy4Ao0+Y2Qgq7Uai8LkC+J3PmcHp3aHzR5ZS6i1Q=="
      },
      "Microsoft.AspNetCore.Cryptography.KeyDerivation": {
        "type": "Transitive",
        "resolved": "9.0.16",
        "contentHash": "YCJPnNqIHbWLSFawU1tRwBSI4oauwNNdGCsH5J6jEhiwW4HpySgVtC5gEcypr/MnAcofmqHX08mzlbd99/UW5Q==",
        "dependencies": {
          "Microsoft.AspNetCore.Cryptography.Internal": "9.0.16"
        }
      },
      "Microsoft.EntityFrameworkCore": {
        "type": "Transitive",
        "resolved": "9.0.16",
        "contentHash": "vNtlfSJu4dQy3iMBib654PrhoZFOEoy8smSNQyrvhDXhKObiRG/sP50831hUXCNhNWNYZHHHCOknys/m+Rgkog==",
        "dependencies": {
          "Microsoft.EntityFrameworkCore.Abstractions": "9.0.16",
          "Microsoft.EntityFrameworkCore.Analyzers": "9.0.16",
          "Microsoft.Extensions.Caching.Memory": "9.0.16",
          "Microsoft.Extensions.Logging": "9.0.16"
        }
      },
      "Microsoft.EntityFrameworkCore.Abstractions": {
        "type": "Transitive",
        "resolved": "9.0.16",
        "contentHash": "t99MjhkXfbVajhe6nPepv4ZP5Qcpj4bgwmv2tNzvKr1NF1J+MRe7tulFHknhOazhUatH+shK/B7/NheiwdYh3A=="
      },
      "Microsoft.EntityFrameworkCore.Analyzers": {
        "type": "Transitive",
        "resolved": "9.0.16",
        "contentHash": "0Kf89oM4aVocoVflsLa/tN7qpX7M5Fg6L6d2H0ZlIil8SFNpG0NmC3bnidAa2690qg2lQwswueiZA0Fl7QAeVw=="
      },
      "Microsoft.Extensions.Caching.Abstractions": {
        "type": "Transitive",
        "resolved": "9.0.16",
        "contentHash": "0jHFjlmTblnQ/m/h6ezqpMDxmc/VM9IYDYvPsLg2BAJt+Js9OAgs1vPMnJtNHFHbTig4Pbxm353eVvlHvCnFTw==",
        "dependencies": {
          "Microsoft.Extensions.Primitives": "9.0.16"
        }
      },
      "Microsoft.Extensions.Caching.Memory": {
        "type": "Transitive",
        "resolved": "9.0.16",
        "contentHash": "DakrEhZN1y0V8gXgexnJfvBJ+7pR+Ki16kCXHZzAKbdb7446BfV+SXPn9DB4eCYCCZ4cuzFRAKGsMaj9GSyz0w==",
        "dependencies": {
          "Microsoft.Extensions.Caching.Abstractions": "9.0.16",
          "Microsoft.Extensions.DependencyInjection.Abstractions": "9.0.16",
          "Microsoft.Extensions.Logging.Abstractions": "9.0.16",
          "Microsoft.Extensions.Options": "9.0.16",
          "Microsoft.Extensions.Primitives": "9.0.16"
        }
      },
      "Microsoft.Extensions.Configuration": {
        "type": "Transitive",
        "resolved": "9.0.16",
        "contentHash": "QetFHhyFfoKjFeZCHl2gLrMFzTfMpy/F805+gYKnZjonG/QvHJNHiP1M8wlziHYqI8qsG/1B8gX6lAUivj202g==",
        "dependencies": {
          "Microsoft.Extensions.Configuration.Abstractions": "9.0.16",
          "Microsoft.Extensions.Primitives": "9.0.16"
        }
      },
      "Microsoft.Extensions.Configuration.Abstractions": {
        "type": "Transitive",
        "resolved": "9.0.16",
        "contentHash": "+Hgfx2NC+lLG7S47DxhASWp9bbCuEPyzO7s/JTJ9DLc0QXpFTBdJVQouoHaqqQCOD+78k+Np+/cSaQdqrhrf5g==",
        "dependencies": {
          "Microsoft.Extensions.Primitives": "9.0.16"
        }
      },
      "Microsoft.Extensions.Configuration.Binder": {
        "type": "Transitive",
        "resolved": "9.0.16",
        "contentHash": "TCDQP8lhJJ2tCINCrgwSzfTPVAHSemXj+awfkY1n6F1qxuojz0kQlUId/21qfN02cosyHHb0fQlJtaJyYn1VYw==",
        "dependencies": {
          "Microsoft.Extensions.Configuration.Abstractions": "9.0.16"
        }
      },
      "Microsoft.Extensions.DependencyInjection": {
        "type": "Transitive",
        "resolved": "9.0.16",
        "contentHash": "ehl4zyK3uUAPX+sQWIzlcavpfWJVb5vl468tI71x5BRzE1Q/1co9OLYmTdEQtVS8qd0GO7RQK/nz6lZha1+Stw==",
        "dependencies": {
          "Microsoft.Extensions.DependencyInjection.Abstractions": "9.0.16"
        }
      },
      "Microsoft.Extensions.DependencyInjection.Abstractions": {
        "type": "Transitive",
        "resolved": "9.0.16",
        "contentHash": "nluyqL58OHcU2M1qFx2QXBa0miA4yUfQBX2J98hHKRrsigtVEJzQYPMDhwDeBaX4qyjI3f3rX+uOsP5lAwPJpg=="
      },
      "Microsoft.Extensions.Diagnostics": {
        "type": "Transitive",
        "resolved": "9.0.16",
        "contentHash": "jWzHYEyzZ2qg2/oest9aw/b3boJ7wnJQIUBj+vJ6S64dGhQkZtQBL5hopc8uNP9Vw0ztmk3TmXHDUa3Oahpfog==",
        "dependencies": {
          "Microsoft.Extensions.Configuration": "9.0.16",
          "Microsoft.Extensions.Diagnostics.Abstractions": "9.0.16",
          "Microsoft.Extensions.Options.ConfigurationExtensions": "9.0.16"
        }
      },
      "Microsoft.Extensions.Diagnostics.Abstractions": {
        "type": "Transitive",
        "resolved": "9.0.16",
        "contentHash": "s3ChbLRrXUOJ9Ar/Ba+3hnOXVXktnvt85OwnqBvNicIZoCWicz7+I5yFCUUw6qs/paKAOmHooLebeJvhFgP7Eg==",
        "dependencies": {
          "Microsoft.Extensions.DependencyInjection.Abstractions": "9.0.16",
          "Microsoft.Extensions.Options": "9.0.16"
        }
      },
      "Microsoft.Extensions.Http": {
        "type": "Transitive",
        "resolved": "9.0.16",
        "contentHash": "+P6FtcEdNccSjRmvkdKHP09xSn5jlvHCKRbK+FWRLbLHmFl/9BDcP8ZTJSqW/Yzf77QPqc8YmxXtRcRb6QGG6w==",
        "dependencies": {
          "Microsoft.Extensions.Configuration.Abstractions": "9.0.16",
          "Microsoft.Extensions.DependencyInjection.Abstractions": "9.0.16",
          "Microsoft.Extensions.Diagnostics": "9.0.16",
          "Microsoft.Extensions.Logging": "9.0.16",
          "Microsoft.Extensions.Logging.Abstractions": "9.0.16",
          "Microsoft.Extensions.Options": "9.0.16"
        }
      },
      "Microsoft.Extensions.Identity.Core": {
        "type": "Transitive",
        "resolved": "9.0.16",
        "contentHash": "hDQOoNVk4zUwrMw1OjXnFC+yknQqePmmwB9DmvTV2GUvgoBZ9ZDQ6yU1vGRvMsh/6Z1hULGym/nAof0VUkzVRw==",
        "dependencies": {
          "Microsoft.AspNetCore.Cryptography.KeyDerivation": "9.0.16",
          "Microsoft.Extensions.Logging": "9.0.16",
          "Microsoft.Extensions.Options": "9.0.16"
        }
      },
      "Microsoft.Extensions.Logging": {
        "type": "Transitive",
        "resolved": "9.0.16",
        "contentHash": "EDI3wGfdlvcOSfYC00NaqW60JibBN7iHlJrrlQwL2cjW+ajDWC+ajGd0oX8iSGNfQRdM8/YMTw4Dk/9xPmpubA==",
        "dependencies": {
          "Microsoft.Extensions.DependencyInjection": "9.0.16",
          "Microsoft.Extensions.Logging.Abstractions": "9.0.16",
          "Microsoft.Extensions.Options": "9.0.16"
        }
      },
      "Microsoft.Extensions.Logging.Abstractions": {
        "type": "Transitive",
        "resolved": "9.0.16",
        "contentHash": "dxeqqtPo1y1HjOKehfGiFWALIVw2dj0pMsPW412ksvKE6k54ZBEQ7/9xAdVpE7Mh5BboJOV58PC7gdATmxKkSA==",
        "dependencies": {
          "Microsoft.Extensions.DependencyInjection.Abstractions": "9.0.16"
        }
      },
      "Microsoft.Extensions.Options": {
        "type": "Transitive",
        "resolved": "9.0.16",
        "contentHash": "y6d58Ua9dJYrEKfcWFoPnA/K8id/WEIpcvAhk5Iu7w3vIBTQNmHhurWKAYuesfuLaZhHEKOXueruRp4l0Y74Vw==",
        "dependencies": {
          "Microsoft.Extensions.DependencyInjection.Abstractions": "9.0.16",
          "Microsoft.Extensions.Primitives": "9.0.16"
        }
      },
      "Microsoft.Extensions.Options.ConfigurationExtensions": {
        "type": "Transitive",
        "resolved": "9.0.16",
        "contentHash": "LVmbIxVIV7wRU3ZQTV+1/cfpJ48fI/95vUNyvy5yT1p73sZFrfIlnoMEYkgqwlaAIpl9w3J/9MwNoLkefidfaw==",
        "dependencies": {
          "Microsoft.Extensions.Configuration.Abstractions": "9.0.16",
          "Microsoft.Extensions.Configuration.Binder": "9.0.16",
          "Microsoft.Extensions.DependencyInjection.Abstractions": "9.0.16",
          "Microsoft.Extensions.Options": "9.0.16",
          "Microsoft.Extensions.Primitives": "9.0.16"
        }
      },
      "Microsoft.Extensions.Primitives": {
        "type": "Transitive",
        "resolved": "9.0.16",
        "contentHash": "w5RE1MR0lnAElsRJaFd2POIXl/H62aBKmfX8ibYmRmbk0JB9V/9jR0VD5NxiP1ETWpnDAnPguTSe7fF/FdsHEQ=="
      },
      "finbuckle.multitenant": {
        "type": "Project",
        "dependencies": {
          "Microsoft.Extensions.Caching.Abstractions": "[9.0.*, )",
          "Microsoft.Extensions.Configuration": "[9.0.*, )",
          "Microsoft.Extensions.DependencyInjection": "[9.0.*, )",
          "Microsoft.Extensions.Http": "[9.0.*, )",
          "Microsoft.Extensions.Logging": "[9.0.*, )",
          "Microsoft.Extensions.Options": "[9.0.*, )",
          "Microsoft.Extensions.Options.ConfigurationExtensions": "[9.0.*, )"
        }
      }
    }
  }
}